PODS:
  - BigInt (5.0.0)
  - FearlessUtils (0.9.0):
    - BigInt (~> 5.0)
    - IrohaCrypto/ed25519 (~> 0.7.0)
    - IrohaCrypto/Scrypt (~> 0.7.0)
    - IrohaCrypto/secp256k1 (~> 0.7.0)
    - IrohaCrypto/sr25519 (~> 0.7.0)
    - TweetNacl (~> 1.0.0)
    - xxHash-Swift (~> 1.0.0)
  - IrohaCrypto/BIP39 (0.7.2):
    - IrohaCrypto/Common
  - IrohaCrypto/blake2 (0.7.2)
  - IrohaCrypto/Common (0.7.2)
  - IrohaCrypto/ed25519 (0.7.2):
    - IrohaCrypto/Common
  - IrohaCrypto/Scrypt (0.7.2):
    - IrohaCrypto/Common
    - scrypt.c (~> 0.1)
  - IrohaCrypto/secp256k1 (0.7.2):
    - IrohaCrypto/Common
  - IrohaCrypto/sr25519 (0.7.2):
    - IrohaCrypto/BIP39
    - IrohaCrypto/blake2
    - IrohaCrypto/Common
  - scrypt.c (0.1.1)
  - TweetNacl (1.0.2)
  - xxHash-Swift (1.0.13)

DEPENDENCIES:
  - FearlessUtils (from `../`)

SPEC REPOS:
  trunk:
    - BigInt
    - IrohaCrypto
    - scrypt.c
    - TweetNacl
    - xxHash-Swift

EXTERNAL SOURCES:
  FearlessUtils:
    :path: "../"

SPEC CHECKSUMS:
  BigInt: 74b4d88367b0e819d9f77393549226d36faeb0d8
  FearlessUtils: ac16885b717f0a91e2f99fc631030e2289d6561b
  IrohaCrypto: bddf15865c4df189b9c5273ba9c675afae8b7f4c
  scrypt.c: b42ae06183251329d2b2c620c226fb541a4a3592
  TweetNacl: 3abf4d1d2082b0114e7a67410e300892448951e6
  xxHash-Swift: 30bd6a7507b3b7348a277c49b1cb6346c2905ec7

PODFILE CHECKSUM: 933d053287c20439760037c9b2fdaf8abafb515f

COCOAPODS: 1.10.0
