// !$*UTF8*$!
{
	archiveVersion = 1;
	classes = {
	};
	objectVersion = 46;
	objects = {

/* Begin PBXBuildFile section */
		0CE92A6F2B2C5906009A21E9 /* kusama-v14-metadata-latest in Resources */ = {isa = PBXBuildFile; fileRef = 0CE92A6E2B2C5906009A21E9 /* kusama-v14-metadata-latest */; };
		6976AE87036D532DDD11B3D9 /* Pods_SubstrateSdkExample.framework in Frameworks */ = {isa = PBXBuildFile; fileRef = 00060C8DD6432907D485E325 /* Pods_SubstrateSdkExample.framework */; };
		841D528A25C4A11900DFA15B /* RegexParserTests.swift in Sources */ = {isa = PBXBuildFile; fileRef = 841D528925C4A11900DFA15B /* RegexParserTests.swift */; };
		841D52B425C6BAE600DFA15B /* ComponentsParserTests.swift in Sources */ = {isa = PBXBuildFile; fileRef = 841D52B325C6BAE600DFA15B /* ComponentsParserTests.swift */; };
		841D52E625C6DD1E00DFA15B /* TypeMappingParserTests.swift in Sources */ = {isa = PBXBuildFile; fileRef = 841D52E525C6DD1E00DFA15B /* TypeMappingParserTests.swift */; };
		841D52EA25C6DDF800DFA15B /* JSONHelpers.swift in Sources */ = {isa = PBXBuildFile; fileRef = 841D52E925C6DDF800DFA15B /* JSONHelpers.swift */; };
		841D530825C6E75300DFA15B /* TypeValuesParserTests.swift in Sources */ = {isa = PBXBuildFile; fileRef = 841D530725C6E75300DFA15B /* TypeValuesParserTests.swift */; };
		841D531625C6F70500DFA15B /* TypeSetParserTests.swift in Sources */ = {isa = PBXBuildFile; fileRef = 841D531525C6F70500DFA15B /* TypeSetParserTests.swift */; };
		841D532425C727FC00DFA15B /* TermParserTests.swift in Sources */ = {isa = PBXBuildFile; fileRef = 841D532325C727FC00DFA15B /* TermParserTests.swift */; };
		841D539525C7517300DFA15B /* JSONTests.swift in Sources */ = {isa = PBXBuildFile; fileRef = 841D539425C7517300DFA15B /* JSONTests.swift */; };
		8420B439273DADE50000555E /* AddressQRDecoderTests.swift in Sources */ = {isa = PBXBuildFile; fileRef = 8420B438273DADE50000555E /* AddressQRDecoderTests.swift */; };
		8429C7FD25C432FF0086D7F6 /* TypeRegistryTests.swift in Sources */ = {isa = PBXBuildFile; fileRef = 8429C7FC25C432FF0086D7F6 /* TypeRegistryTests.swift */; };
		8429C81825C434E40086D7F6 /* default.json in Resources */ = {isa = PBXBuildFile; fileRef = 8429C80F25C434DA0086D7F6 /* default.json */; };
		8429C81D25C434E70086D7F6 /* kusama.json in Resources */ = {isa = PBXBuildFile; fileRef = 8429C80E25C434DA0086D7F6 /* kusama.json */; };
		8429C82225C434EA0086D7F6 /* polkadot.json in Resources */ = {isa = PBXBuildFile; fileRef = 8429C80D25C434DA0086D7F6 /* polkadot.json */; };
		8429C82725C434ED0086D7F6 /* westend.json in Resources */ = {isa = PBXBuildFile; fileRef = 8429C80C25C434DA0086D7F6 /* westend.json */; };
		842D1E2324C98CEA00C30A7A /* StorageKeyFactoryTests.swift in Sources */ = {isa = PBXBuildFile; fileRef = 842D1E2224C98CEA00C30A7A /* StorageKeyFactoryTests.swift */; };
		842D1E2524C9AC5D00C30A7A /* ScaleBoolOptionTests.swift in Sources */ = {isa = PBXBuildFile; fileRef = 842D1E2424C9AC5D00C30A7A /* ScaleBoolOptionTests.swift */; };
		842D1E2724C9B63300C30A7A /* ScaleOptionTests.swift in Sources */ = {isa = PBXBuildFile; fileRef = 842D1E2624C9B63300C30A7A /* ScaleOptionTests.swift */; };
		842D1E6A24CF800400C30A7A /* SubstrateJunctionFactoryTests.swift in Sources */ = {isa = PBXBuildFile; fileRef = 842D1E6924CF800400C30A7A /* SubstrateJunctionFactoryTests.swift */; };
		842D1E7124CFF31800C30A7A /* KeypairDeriviation.swift in Sources */ = {isa = PBXBuildFile; fileRef = 842D1E6F24CFF2FB00C30A7A /* KeypairDeriviation.swift */; };
		842D1E7324CFF4EC00C30A7A /* KeypairDeriviationTests.swift in Sources */ = {isa = PBXBuildFile; fileRef = 842D1E7224CFF4EC00C30A7A /* KeypairDeriviationTests.swift */; };
		842D1E7624D0069000C30A7A /* sr25519HDKD.json in Resources */ = {isa = PBXBuildFile; fileRef = 842D1E7524D0069000C30A7A /* sr25519HDKD.json */; };
		84452A7C25D156A000F47EC5 /* BitVecNodeTests.swift in Sources */ = {isa = PBXBuildFile; fileRef = 84452A7B25D156A000F47EC5 /* BitVecNodeTests.swift */; };
		84452A8225D1577100F47EC5 /* RuntimeHelpers.swift in Sources */ = {isa = PBXBuildFile; fileRef = 84452A8125D1577100F47EC5 /* RuntimeHelpers.swift */; };
		84452ACD25D1E4C300F47EC5 /* EraNodeTests.swift in Sources */ = {isa = PBXBuildFile; fileRef = 84452ACC25D1E4C300F47EC5 /* EraNodeTests.swift */; };
		84452B0325D27BDB00F47EC5 /* DataNodeTests.swift in Sources */ = {isa = PBXBuildFile; fileRef = 84452B0225D27BDB00F47EC5 /* DataNodeTests.swift */; };
		84452B6125D2ADC300F47EC5 /* westend-metadata in Resources */ = {isa = PBXBuildFile; fileRef = 84452B6025D2ADC300F47EC5 /* westend-metadata */; };
		84452BF525D2CABE00F47EC5 /* RuntimeMetadataTests.swift in Sources */ = {isa = PBXBuildFile; fileRef = 84452BF425D2CABE00F47EC5 /* RuntimeMetadataTests.swift */; };
		84452C0B25D2D54300F47EC5 /* kusama-metadata in Resources */ = {isa = PBXBuildFile; fileRef = 84452C0A25D2D54300F47EC5 /* kusama-metadata */; };
		84452C0F25D2D5C300F47EC5 /* polkadot-metadata in Resources */ = {isa = PBXBuildFile; fileRef = 84452C0E25D2D5C300F47EC5 /* polkadot-metadata */; };
		84452C7D25D3F75800F47EC5 /* GenericCallNodeTests.swift in Sources */ = {isa = PBXBuildFile; fileRef = 84452C7C25D3F75800F47EC5 /* GenericCallNodeTests.swift */; };
		84452C8325D3F97F00F47EC5 /* GenericEventNodeTests.swift in Sources */ = {isa = PBXBuildFile; fileRef = 84452C8225D3F97F00F47EC5 /* GenericEventNodeTests.swift */; };
		84452C9B25D40B5600F47EC5 /* RegexReplaceResolverTests.swift in Sources */ = {isa = PBXBuildFile; fileRef = 84452C9A25D40B5600F47EC5 /* RegexReplaceResolverTests.swift */; };
		84452D9325D48FC100F47EC5 /* ExtrinsicNodeTests.swift in Sources */ = {isa = PBXBuildFile; fileRef = 84452D9225D48FC100F47EC5 /* ExtrinsicNodeTests.swift */; };
		8459EA0E2657961F006BBF9E /* FundInfo.swift in Sources */ = {isa = PBXBuildFile; fileRef = 8459EA0D2657961F006BBF9E /* FundInfo.swift */; };
		8459EA122657963C006BBF9E /* MultiSigner.swift in Sources */ = {isa = PBXBuildFile; fileRef = 8459EA112657963C006BBF9E /* MultiSigner.swift */; };
		8459EA162657987D006BBF9E /* LastContribution.swift in Sources */ = {isa = PBXBuildFile; fileRef = 8459EA152657987D006BBF9E /* LastContribution.swift */; };
		845D80ED24C8D91A00EC2540 /* SeedFactoryTests.swift in Sources */ = {isa = PBXBuildFile; fileRef = 845D80EC24C8D91A00EC2540 /* SeedFactoryTests.swift */; };
		8467F4C726B285EC00C5B6F4 /* statemine-metadata in Resources */ = {isa = PBXBuildFile; fileRef = 8467F4C626B285EC00C5B6F4 /* statemine-metadata */; };
		8467FD1424E677C2005D486C /* ed25519HDKD.json in Resources */ = {isa = PBXBuildFile; fileRef = 8467FD1124E675D0005D486C /* ed25519HDKD.json */; };
		8467FD1524E677C6005D486C /* ecdsaHDKD.json in Resources */ = {isa = PBXBuildFile; fileRef = 8467FD1024E675D0005D486C /* ecdsaHDKD.json */; };
		8467FD2624E71A37005D486C /* IconGenerationTests.swift in Sources */ = {isa = PBXBuildFile; fileRef = 8467FD2524E71A37005D486C /* IconGenerationTests.swift */; };
		8467FD2824E72CCD005D486C /* HSLColorTests.swift in Sources */ = {isa = PBXBuildFile; fileRef = 8467FD2724E72CCD005D486C /* HSLColorTests.swift */; };
		84708300272683C6003408E8 /* ViewController.swift in Sources */ = {isa = PBXBuildFile; fileRef = 847082FA272683C6003408E8 /* ViewController.swift */; };
		84708301272683C6003408E8 /* LaunchScreen.xib in Resources */ = {isa = PBXBuildFile; fileRef = 847082FB272683C6003408E8 /* LaunchScreen.xib */; };
		84708302272683C6003408E8 /* Images.xcassets in Resources */ = {isa = PBXBuildFile; fileRef = 847082FD272683C6003408E8 /* Images.xcassets */; };
		84708303272683C6003408E8 /* AppDelegate.swift in Sources */ = {isa = PBXBuildFile; fileRef = 847082FE272683C6003408E8 /* AppDelegate.swift */; };
		84784105273569A000401EFA /* keystore-ethereum.json in Resources */ = {isa = PBXBuildFile; fileRef = 84784104273569A000401EFA /* keystore-ethereum.json */; };
		849C066D276483A300394C82 /* JSONSubscriptionIdTests.swift in Sources */ = {isa = PBXBuildFile; fileRef = 849C066C276483A300394C82 /* JSONSubscriptionIdTests.swift */; };
		849CFADE27394E5D0096D201 /* keystore-ethereum-int-version.json in Resources */ = {isa = PBXBuildFile; fileRef = 849CFADD27394E5D0096D201 /* keystore-ethereum-int-version.json */; };
		849E0A2125C81DB500B33506 /* FixedArrayParserTests.swift in Sources */ = {isa = PBXBuildFile; fileRef = 849E0A2025C81DB500B33506 /* FixedArrayParserTests.swift */; };
		849E0A7425C9458F00B33506 /* StructNodeFactoryTests.swift in Sources */ = {isa = PBXBuildFile; fileRef = 849E0A7325C9458F00B33506 /* StructNodeFactoryTests.swift */; };
		849E0A7A25C94E3F00B33506 /* EnumMappingFactoryTests.swift in Sources */ = {isa = PBXBuildFile; fileRef = 849E0A7925C94E3F00B33506 /* EnumMappingFactoryTests.swift */; };
		849E0A7E25C95C7F00B33506 /* EnumValuesFactoryTests.swift in Sources */ = {isa = PBXBuildFile; fileRef = 849E0A7D25C95C7F00B33506 /* EnumValuesFactoryTests.swift */; };
		849E0A8225C95E2700B33506 /* NumericSetFactoryTests.swift in Sources */ = {isa = PBXBuildFile; fileRef = 849E0A8125C95E2700B33506 /* NumericSetFactoryTests.swift */; };
		849E0AA025C9684800B33506 /* VectorNodeFactoryTests.swift in Sources */ = {isa = PBXBuildFile; fileRef = 849E0A9F25C9684800B33506 /* VectorNodeFactoryTests.swift */; };
		849E0AA425C96A6400B33506 /* OptionNodeFactoryTests.swift in Sources */ = {isa = PBXBuildFile; fileRef = 849E0AA325C96A6400B33506 /* OptionNodeFactoryTests.swift */; };
		849E0AA825C96AD600B33506 /* CompactNodeFactoryTests.swift in Sources */ = {isa = PBXBuildFile; fileRef = 849E0AA725C96AD600B33506 /* CompactNodeFactoryTests.swift */; };
		849E0AAC25C96C7800B33506 /* TupleNodeFactoryTests.swift in Sources */ = {isa = PBXBuildFile; fileRef = 849E0AAB25C96C7800B33506 /* TupleNodeFactoryTests.swift */; };
		849E0AB025C96DD500B33506 /* FixedArrayNodeFactoryTests.swift in Sources */ = {isa = PBXBuildFile; fileRef = 849E0AAF25C96DD500B33506 /* FixedArrayNodeFactoryTests.swift */; };
		849E0AB425C96EED00B33506 /* AliasNodeFactoryTests.swift in Sources */ = {isa = PBXBuildFile; fileRef = 849E0AB325C96EED00B33506 /* AliasNodeFactoryTests.swift */; };
		849E0AEA25C992F800B33506 /* CaseInsensitiveResolverTests.swift in Sources */ = {isa = PBXBuildFile; fileRef = 849E0AE925C992F800B33506 /* CaseInsensitiveResolverTests.swift */; };
		849E0B3025CBD1CC00B33506 /* TypeRegistryCatalogValidationTests.swift in Sources */ = {isa = PBXBuildFile; fileRef = 849E0B2F25CBD1CC00B33506 /* TypeRegistryCatalogValidationTests.swift */; };
		84A0DE3124DBF49400F436A8 /* keystore-ed25519.json in Resources */ = {isa = PBXBuildFile; fileRef = 84A0DE2D24DBF3F300F436A8 /* keystore-ed25519.json */; };
		84A0DE3224DBF49700F436A8 /* keystore-ecdsa.json in Resources */ = {isa = PBXBuildFile; fileRef = 84A0DE2F24DBF40900F436A8 /* keystore-ecdsa.json */; };
		84AF374A27171991007408D6 /* EthereumAddressTests.swift in Sources */ = {isa = PBXBuildFile; fileRef = 84AF374927171991007408D6 /* EthereumAddressTests.swift */; };
		84AF3769271A3A8E007408D6 /* kusama-v14-metadata in Resources */ = {isa = PBXBuildFile; fileRef = 84AF3766271A3A8D007408D6 /* kusama-v14-metadata */; };
		84AF376A271A3A8E007408D6 /* polkadot-v14-metadata in Resources */ = {isa = PBXBuildFile; fileRef = 84AF3767271A3A8D007408D6 /* polkadot-v14-metadata */; };
		84AF376B271A3A8E007408D6 /* westend-v14-metadata in Resources */ = {isa = PBXBuildFile; fileRef = 84AF3768271A3A8D007408D6 /* westend-v14-metadata */; };
		84AF376D271A3AE5007408D6 /* RuntimeMetadataV14Tests.swift in Sources */ = {isa = PBXBuildFile; fileRef = 84AF376C271A3AE5007408D6 /* RuntimeMetadataV14Tests.swift */; };
		84AF3776271DA665007408D6 /* ScaleInfoHelpers.swift in Sources */ = {isa = PBXBuildFile; fileRef = 84AF3775271DA665007408D6 /* ScaleInfoHelpers.swift */; };
		84AF377A271DA9A2007408D6 /* ScaleRegistryTests.swift in Sources */ = {isa = PBXBuildFile; fileRef = 84AF3779271DA9A2007408D6 /* ScaleRegistryTests.swift */; };
		84AF377F271DE550007408D6 /* ScaleInfoMappingTests.swift in Sources */ = {isa = PBXBuildFile; fileRef = 84AF377E271DE550007408D6 /* ScaleInfoMappingTests.swift */; };
		84AF378527215DB4007408D6 /* ValidatorPrefs.swift in Sources */ = {isa = PBXBuildFile; fileRef = 84AF378427215DB4007408D6 /* ValidatorPrefs.swift */; };
		84AF378727221F02007408D6 /* common-v14.json in Resources */ = {isa = PBXBuildFile; fileRef = 84AF378627221F01007408D6 /* common-v14.json */; };
		84C41F3A28EE157600DB1CD3 /* SignedIntNodeTests.swift in Sources */ = {isa = PBXBuildFile; fileRef = 84C41F3928EE157600DB1CD3 /* SignedIntNodeTests.swift */; };
		84CB472424DBE82C00837E11 /* KeystoreExtractorTests.swift in Sources */ = {isa = PBXBuildFile; fileRef = 84CB472324DBE82C00837E11 /* KeystoreExtractorTests.swift */; };
		84CB472524DBE98500837E11 /* keystore-sr25519.json in Resources */ = {isa = PBXBuildFile; fileRef = 84CB472024DBE7E100837E11 /* keystore-sr25519.json */; };
		84DA3B3C24C8CE5900B5E27F /* ScaleUInt32Tests.swift in Sources */ = {isa = PBXBuildFile; fileRef = 84DA3B3224C8CE5900B5E27F /* ScaleUInt32Tests.swift */; };
		84DA3B3D24C8CE5900B5E27F /* ScaleCompactIntTests.swift in Sources */ = {isa = PBXBuildFile; fileRef = 84DA3B3324C8CE5900B5E27F /* ScaleCompactIntTests.swift */; };
		84DA3B3E24C8CE5900B5E27F /* ScaleInt64Tests.swift in Sources */ = {isa = PBXBuildFile; fileRef = 84DA3B3424C8CE5900B5E27F /* ScaleInt64Tests.swift */; };
		84DA3B3F24C8CE5900B5E27F /* ScaleUInt16Tests.swift in Sources */ = {isa = PBXBuildFile; fileRef = 84DA3B3524C8CE5900B5E27F /* ScaleUInt16Tests.swift */; };
		84DA3B4024C8CE5900B5E27F /* ScaleInt8Tests.swift in Sources */ = {isa = PBXBuildFile; fileRef = 84DA3B3624C8CE5900B5E27F /* ScaleInt8Tests.swift */; };
		84DA3B4124C8CE5A00B5E27F /* ScaleInt32Tests.swift in Sources */ = {isa = PBXBuildFile; fileRef = 84DA3B3724C8CE5900B5E27F /* ScaleInt32Tests.swift */; };
		84DA3B4224C8CE5A00B5E27F /* ScaleUInt64Tests.swift in Sources */ = {isa = PBXBuildFile; fileRef = 84DA3B3824C8CE5900B5E27F /* ScaleUInt64Tests.swift */; };
		84DA3B4324C8CE5A00B5E27F /* ScaleStringTests.swift in Sources */ = {isa = PBXBuildFile; fileRef = 84DA3B3924C8CE5900B5E27F /* ScaleStringTests.swift */; };
		84DA3B4424C8CE5A00B5E27F /* ScaleInt16Tests.swift in Sources */ = {isa = PBXBuildFile; fileRef = 84DA3B3A24C8CE5900B5E27F /* ScaleInt16Tests.swift */; };
		84DA3B4524C8CE5A00B5E27F /* ScaleUInt8Tests.swift in Sources */ = {isa = PBXBuildFile; fileRef = 84DA3B3B24C8CE5900B5E27F /* ScaleUInt8Tests.swift */; };
		84DEE7062798116700B9A39E /* statemine.json in Resources */ = {isa = PBXBuildFile; fileRef = 84DEE7052798116700B9A39E /* statemine.json */; };
		84DEE708279811CE00B9A39E /* statemine-v14-metadata in Resources */ = {isa = PBXBuildFile; fileRef = 84DEE707279811CE00B9A39E /* statemine-v14-metadata */; };
		84DEE70B2798145E00B9A39E /* ExtrinsicExtensionsTests.swift in Sources */ = {isa = PBXBuildFile; fileRef = 84DEE70A2798145E00B9A39E /* ExtrinsicExtensionsTests.swift */; };
		84ED7256254A001A006102DF /* SubstrateQREncoderTests.swift in Sources */ = {isa = PBXBuildFile; fileRef = 84ED7255254A001A006102DF /* SubstrateQREncoderTests.swift */; };
		84ED725C254A0233006102DF /* SubstrateQRDecoderTests.swift in Sources */ = {isa = PBXBuildFile; fileRef = 84ED725B254A0233006102DF /* SubstrateQRDecoderTests.swift */; };
		84F30E4725FC05BE00039D09 /* SessionKeysPolkadot.swift in Sources */ = {isa = PBXBuildFile; fileRef = 84F30E4625FC05BE00039D09 /* SessionKeysPolkadot.swift */; };
		84F4394225DBAAA200AEDA56 /* test-metadata in Resources */ = {isa = PBXBuildFile; fileRef = 84F4394125DBAAA200AEDA56 /* test-metadata */; };
		84F4394625DBE54D00AEDA56 /* TableResolverTests.swift in Sources */ = {isa = PBXBuildFile; fileRef = 84F4394525DBE54D00AEDA56 /* TableResolverTests.swift */; };
		84F439BC25DBF8D600AEDA56 /* TypeRegistryNetworkValidationTests.swift in Sources */ = {isa = PBXBuildFile; fileRef = 84F439BB25DBF8D600AEDA56 /* TypeRegistryNetworkValidationTests.swift */; };
		84F43A2425DC124600AEDA56 /* TypeRegistryCatalogTests.swift in Sources */ = {isa = PBXBuildFile; fileRef = 84F43A2325DC124600AEDA56 /* TypeRegistryCatalogTests.swift */; };
		84F43A3425DC44A000AEDA56 /* BindingTests.swift in Sources */ = {isa = PBXBuildFile; fileRef = 84F43A3325DC44A000AEDA56 /* BindingTests.swift */; };
		84F43A3B25DC44D400AEDA56 /* AccountInfo.swift in Sources */ = {isa = PBXBuildFile; fileRef = 84F43A2E25DC443100AEDA56 /* AccountInfo.swift */; };
		84F43A5825DC652C00AEDA56 /* RawOrigin.swift in Sources */ = {isa = PBXBuildFile; fileRef = 84F43A5225DC61EA00AEDA56 /* RawOrigin.swift */; };
		84F43A6125DC701F00AEDA56 /* Reasons.swift in Sources */ = {isa = PBXBuildFile; fileRef = 84F43A5B25DC6FC900AEDA56 /* Reasons.swift */; };
		84F43A6A25DC7AE300AEDA56 /* IdentityFields.swift in Sources */ = {isa = PBXBuildFile; fileRef = 84F43A6425DC7ADA00AEDA56 /* IdentityFields.swift */; };
		84F43A7D25DC82B200AEDA56 /* TransientValidationData.swift in Sources */ = {isa = PBXBuildFile; fileRef = 84F43A7725DC827A00AEDA56 /* TransientValidationData.swift */; };
		84F43B4625DE800F00AEDA56 /* ExtrinsicBuilderTests.swift in Sources */ = {isa = PBXBuildFile; fileRef = 84F43B4525DE800F00AEDA56 /* ExtrinsicBuilderTests.swift */; };
		84F43B7025DE90EC00AEDA56 /* TransferArgs.swift in Sources */ = {isa = PBXBuildFile; fileRef = 84F43B6F25DE90EC00AEDA56 /* TransferArgs.swift */; };
		84F4A847254CAD73000CF0A3 /* KeystoreBuilderTests.swift in Sources */ = {isa = PBXBuildFile; fileRef = 84F4A846254CAD73000CF0A3 /* KeystoreBuilderTests.swift */; };
		84FACC0425F799A900F32ED4 /* ChainDataCodingTests.swift in Sources */ = {isa = PBXBuildFile; fileRef = 84FACC0325F799A900F32ED4 /* ChainDataCodingTests.swift */; };
		84FACC0825F79C5200F32ED4 /* BaseCodingTests.swift in Sources */ = {isa = PBXBuildFile; fileRef = 84FACC0725F79C5200F32ED4 /* BaseCodingTests.swift */; };
		84FACC0C25F79D8600F32ED4 /* GenericHashTests.swift in Sources */ = {isa = PBXBuildFile; fileRef = 84FACC0B25F79D8600F32ED4 /* GenericHashTests.swift */; };
		AE425FB626D363F500547303 /* BIP32JunctionFactoryTests.swift in Sources */ = {isa = PBXBuildFile; fileRef = AE425FB526D363F500547303 /* BIP32JunctionFactoryTests.swift */; };
		AE425FBA26D3726900547303 /* BIP32KeypairDerivationTests.swift in Sources */ = {isa = PBXBuildFile; fileRef = AE425FB926D3726900547303 /* BIP32KeypairDerivationTests.swift */; };
		AE4B521426CBA71B00A66D2C /* BIP32HDKDEtalon.json in Resources */ = {isa = PBXBuildFile; fileRef = AE4B521326CBA71B00A66D2C /* BIP32HDKDEtalon.json */; };
		AE4B521826CE127200A66D2C /* BIP32HDKD.json in Resources */ = {isa = PBXBuildFile; fileRef = AE4B521726CE127200A66D2C /* BIP32HDKD.json */; };
		F1BF07A279997490AFC5278E /* Pods_SubstrateSdkTests.framework in Frameworks */ = {isa = PBXBuildFile; fileRef = 27A1BEB05AA8335CF4053A81 /* Pods_SubstrateSdkTests.framework */; };
/* End PBXBuildFile section */

/* Begin PBXContainerItemProxy section */
		607FACE61AFB9204008FA782 /* PBXContainerItemProxy */ = {
			isa = PBXContainerItemProxy;
			containerPortal = 607FACC81AFB9204008FA782 /* Project object */;
			proxyType = 1;
			remoteGlobalIDString = 607FACCF1AFB9204008FA782;
			remoteInfo = SubstrateSdk;
		};
/* End PBXContainerItemProxy section */

/* Begin PBXFileReference section */
		00060C8DD6432907D485E325 /* Pods_SubstrateSdkExample.framework */ = {isa = PBXFileReference; explicitFileType = wrapper.framework; includeInIndex = 0; path = Pods_SubstrateSdkExample.framework; sourceTree = BUILT_PRODUCTS_DIR; };
		0CE92A6E2B2C5906009A21E9 /* kusama-v14-metadata-latest */ = {isa = PBXFileReference; fileEncoding = 4; lastKnownFileType = text; path = "kusama-v14-metadata-latest"; sourceTree = "<group>"; };
		27A1BEB05AA8335CF4053A81 /* Pods_SubstrateSdkTests.framework */ = {isa = PBXFileReference; explicitFileType = wrapper.framework; includeInIndex = 0; path = Pods_SubstrateSdkTests.framework; sourceTree = BUILT_PRODUCTS_DIR; };
		2E305CB3E5589CF7DC3BD962 /* Pods-SubstrateSdkTests.debug.xcconfig */ = {isa = PBXFileReference; includeInIndex = 1; lastKnownFileType = text.xcconfig; name = "Pods-SubstrateSdkTests.debug.xcconfig"; path = "Target Support Files/Pods-SubstrateSdkTests/Pods-SubstrateSdkTests.debug.xcconfig"; sourceTree = "<group>"; };
		3DC3C61E2550AB6A7358DB29 /* Pods-SubstrateSdkTests.release.xcconfig */ = {isa = PBXFileReference; includeInIndex = 1; lastKnownFileType = text.xcconfig; name = "Pods-SubstrateSdkTests.release.xcconfig"; path = "Target Support Files/Pods-SubstrateSdkTests/Pods-SubstrateSdkTests.release.xcconfig"; sourceTree = "<group>"; };
		60654FCEF77A2B707A129454 /* README.md */ = {isa = PBXFileReference; includeInIndex = 1; lastKnownFileType = net.daringfireball.markdown; name = README.md; path = ../README.md; sourceTree = "<group>"; };
		607FACD01AFB9204008FA782 /* SubstrateSdkExample.app */ = {isa = PBXFileReference; explicitFileType = wrapper.application; includeInIndex = 0; path = SubstrateSdkExample.app; sourceTree = BUILT_PRODUCTS_DIR; };
		607FACE51AFB9204008FA782 /* SubstrateSdkTests.xctest */ = {isa = PBXFileReference; explicitFileType = wrapper.cfbundle; includeInIndex = 0; path = SubstrateSdkTests.xctest; sourceTree = BUILT_PRODUCTS_DIR; };
		84060E992726870E0070F2E4 /* SubstrateSdk.podspec */ = {isa = PBXFileReference; lastKnownFileType = text; name = SubstrateSdk.podspec; path = ../SubstrateSdk.podspec; sourceTree = "<group>"; xcLanguageSpecificationIdentifier = xcode.lang.ruby; };
		841D528925C4A11900DFA15B /* RegexParserTests.swift */ = {isa = PBXFileReference; lastKnownFileType = sourcecode.swift; path = RegexParserTests.swift; sourceTree = "<group>"; };
		841D52B325C6BAE600DFA15B /* ComponentsParserTests.swift */ = {isa = PBXFileReference; lastKnownFileType = sourcecode.swift; path = ComponentsParserTests.swift; sourceTree = "<group>"; };
		841D52E525C6DD1E00DFA15B /* TypeMappingParserTests.swift */ = {isa = PBXFileReference; lastKnownFileType = sourcecode.swift; path = TypeMappingParserTests.swift; sourceTree = "<group>"; };
		841D52E925C6DDF800DFA15B /* JSONHelpers.swift */ = {isa = PBXFileReference; lastKnownFileType = sourcecode.swift; path = JSONHelpers.swift; sourceTree = "<group>"; };
		841D530725C6E75300DFA15B /* TypeValuesParserTests.swift */ = {isa = PBXFileReference; lastKnownFileType = sourcecode.swift; path = TypeValuesParserTests.swift; sourceTree = "<group>"; };
		841D531525C6F70500DFA15B /* TypeSetParserTests.swift */ = {isa = PBXFileReference; lastKnownFileType = sourcecode.swift; path = TypeSetParserTests.swift; sourceTree = "<group>"; };
		841D532325C727FC00DFA15B /* TermParserTests.swift */ = {isa = PBXFileReference; lastKnownFileType = sourcecode.swift; path = TermParserTests.swift; sourceTree = "<group>"; };
		841D539425C7517300DFA15B /* JSONTests.swift */ = {isa = PBXFileReference; lastKnownFileType = sourcecode.swift; path = JSONTests.swift; sourceTree = "<group>"; };
		8420B438273DADE50000555E /* AddressQRDecoderTests.swift */ = {isa = PBXFileReference; lastKnownFileType = sourcecode.swift; path = AddressQRDecoderTests.swift; sourceTree = "<group>"; };
		8429C7FC25C432FF0086D7F6 /* TypeRegistryTests.swift */ = {isa = PBXFileReference; lastKnownFileType = sourcecode.swift; path = TypeRegistryTests.swift; sourceTree = "<group>"; };
		8429C80C25C434DA0086D7F6 /* westend.json */ = {isa = PBXFileReference; fileEncoding = 4; lastKnownFileType = text.json; path = westend.json; sourceTree = "<group>"; };
		8429C80D25C434DA0086D7F6 /* polkadot.json */ = {isa = PBXFileReference; fileEncoding = 4; lastKnownFileType = text.json; path = polkadot.json; sourceTree = "<group>"; };
		8429C80E25C434DA0086D7F6 /* kusama.json */ = {isa = PBXFileReference; fileEncoding = 4; lastKnownFileType = text.json; path = kusama.json; sourceTree = "<group>"; };
		8429C80F25C434DA0086D7F6 /* default.json */ = {isa = PBXFileReference; fileEncoding = 4; lastKnownFileType = text.json; path = default.json; sourceTree = "<group>"; };
		842D1E2224C98CEA00C30A7A /* StorageKeyFactoryTests.swift */ = {isa = PBXFileReference; lastKnownFileType = sourcecode.swift; path = StorageKeyFactoryTests.swift; sourceTree = "<group>"; };
		842D1E2424C9AC5D00C30A7A /* ScaleBoolOptionTests.swift */ = {isa = PBXFileReference; lastKnownFileType = sourcecode.swift; path = ScaleBoolOptionTests.swift; sourceTree = "<group>"; };
		842D1E2624C9B63300C30A7A /* ScaleOptionTests.swift */ = {isa = PBXFileReference; lastKnownFileType = sourcecode.swift; path = ScaleOptionTests.swift; sourceTree = "<group>"; };
		842D1E6924CF800400C30A7A /* SubstrateJunctionFactoryTests.swift */ = {isa = PBXFileReference; lastKnownFileType = sourcecode.swift; path = SubstrateJunctionFactoryTests.swift; sourceTree = "<group>"; };
		842D1E6F24CFF2FB00C30A7A /* KeypairDeriviation.swift */ = {isa = PBXFileReference; lastKnownFileType = sourcecode.swift; path = KeypairDeriviation.swift; sourceTree = "<group>"; };
		842D1E7224CFF4EC00C30A7A /* KeypairDeriviationTests.swift */ = {isa = PBXFileReference; lastKnownFileType = sourcecode.swift; path = KeypairDeriviationTests.swift; sourceTree = "<group>"; };
		842D1E7524D0069000C30A7A /* sr25519HDKD.json */ = {isa = PBXFileReference; lastKnownFileType = text.json; path = sr25519HDKD.json; sourceTree = "<group>"; };
		84452A7B25D156A000F47EC5 /* BitVecNodeTests.swift */ = {isa = PBXFileReference; lastKnownFileType = sourcecode.swift; path = BitVecNodeTests.swift; sourceTree = "<group>"; };
		84452A8125D1577100F47EC5 /* RuntimeHelpers.swift */ = {isa = PBXFileReference; lastKnownFileType = sourcecode.swift; path = RuntimeHelpers.swift; sourceTree = "<group>"; };
		84452ACC25D1E4C300F47EC5 /* EraNodeTests.swift */ = {isa = PBXFileReference; lastKnownFileType = sourcecode.swift; path = EraNodeTests.swift; sourceTree = "<group>"; };
		84452B0225D27BDB00F47EC5 /* DataNodeTests.swift */ = {isa = PBXFileReference; lastKnownFileType = sourcecode.swift; path = DataNodeTests.swift; sourceTree = "<group>"; };
		84452B6025D2ADC300F47EC5 /* westend-metadata */ = {isa = PBXFileReference; lastKnownFileType = text; path = "westend-metadata"; sourceTree = "<group>"; };
		84452BF425D2CABE00F47EC5 /* RuntimeMetadataTests.swift */ = {isa = PBXFileReference; lastKnownFileType = sourcecode.swift; path = RuntimeMetadataTests.swift; sourceTree = "<group>"; };
		84452C0A25D2D54300F47EC5 /* kusama-metadata */ = {isa = PBXFileReference; lastKnownFileType = text; path = "kusama-metadata"; sourceTree = "<group>"; };
		84452C0E25D2D5C300F47EC5 /* polkadot-metadata */ = {isa = PBXFileReference; lastKnownFileType = text; path = "polkadot-metadata"; sourceTree = "<group>"; };
		84452C7C25D3F75800F47EC5 /* GenericCallNodeTests.swift */ = {isa = PBXFileReference; lastKnownFileType = sourcecode.swift; path = GenericCallNodeTests.swift; sourceTree = "<group>"; };
		84452C8225D3F97F00F47EC5 /* GenericEventNodeTests.swift */ = {isa = PBXFileReference; lastKnownFileType = sourcecode.swift; path = GenericEventNodeTests.swift; sourceTree = "<group>"; };
		84452C9A25D40B5600F47EC5 /* RegexReplaceResolverTests.swift */ = {isa = PBXFileReference; lastKnownFileType = sourcecode.swift; path = RegexReplaceResolverTests.swift; sourceTree = "<group>"; };
		84452D9225D48FC100F47EC5 /* ExtrinsicNodeTests.swift */ = {isa = PBXFileReference; lastKnownFileType = sourcecode.swift; path = ExtrinsicNodeTests.swift; sourceTree = "<group>"; };
		8459EA0D2657961F006BBF9E /* FundInfo.swift */ = {isa = PBXFileReference; lastKnownFileType = sourcecode.swift; path = FundInfo.swift; sourceTree = "<group>"; };
		8459EA112657963C006BBF9E /* MultiSigner.swift */ = {isa = PBXFileReference; lastKnownFileType = sourcecode.swift; path = MultiSigner.swift; sourceTree = "<group>"; };
		8459EA152657987D006BBF9E /* LastContribution.swift */ = {isa = PBXFileReference; lastKnownFileType = sourcecode.swift; path = LastContribution.swift; sourceTree = "<group>"; };
		845D80EC24C8D91A00EC2540 /* SeedFactoryTests.swift */ = {isa = PBXFileReference; lastKnownFileType = sourcecode.swift; path = SeedFactoryTests.swift; sourceTree = "<group>"; };
		8467F4C626B285EC00C5B6F4 /* statemine-metadata */ = {isa = PBXFileReference; fileEncoding = 4; lastKnownFileType = text; path = "statemine-metadata"; sourceTree = "<group>"; };
		8467FD1024E675D0005D486C /* ecdsaHDKD.json */ = {isa = PBXFileReference; fileEncoding = 4; lastKnownFileType = text.json; path = ecdsaHDKD.json; sourceTree = "<group>"; };
		8467FD1124E675D0005D486C /* ed25519HDKD.json */ = {isa = PBXFileReference; fileEncoding = 4; lastKnownFileType = text.json; path = ed25519HDKD.json; sourceTree = "<group>"; };
		8467FD2524E71A37005D486C /* IconGenerationTests.swift */ = {isa = PBXFileReference; lastKnownFileType = sourcecode.swift; path = IconGenerationTests.swift; sourceTree = "<group>"; };
		8467FD2724E72CCD005D486C /* HSLColorTests.swift */ = {isa = PBXFileReference; lastKnownFileType = sourcecode.swift; path = HSLColorTests.swift; sourceTree = "<group>"; };
		847082FA272683C6003408E8 /* ViewController.swift */ = {isa = PBXFileReference; fileEncoding = 4; lastKnownFileType = sourcecode.swift; path = ViewController.swift; sourceTree = "<group>"; };
		847082FC272683C6003408E8 /* Base */ = {isa = PBXFileReference; lastKnownFileType = file.xib; name = Base; path = Base.lproj/LaunchScreen.xib; sourceTree = "<group>"; };
		847082FD272683C6003408E8 /* Images.xcassets */ = {isa = PBXFileReference; lastKnownFileType = folder.assetcatalog; path = Images.xcassets; sourceTree = "<group>"; };
		847082FE272683C6003408E8 /* AppDelegate.swift */ = {isa = PBXFileReference; fileEncoding = 4; lastKnownFileType = sourcecode.swift; path = AppDelegate.swift; sourceTree = "<group>"; };
		84784104273569A000401EFA /* keystore-ethereum.json */ = {isa = PBXFileReference; lastKnownFileType = text.json; path = "keystore-ethereum.json"; sourceTree = "<group>"; };
		849C066C276483A300394C82 /* JSONSubscriptionIdTests.swift */ = {isa = PBXFileReference; lastKnownFileType = sourcecode.swift; path = JSONSubscriptionIdTests.swift; sourceTree = "<group>"; };
		849CFADD27394E5D0096D201 /* keystore-ethereum-int-version.json */ = {isa = PBXFileReference; fileEncoding = 4; lastKnownFileType = text.json; path = "keystore-ethereum-int-version.json"; sourceTree = "<group>"; };
		849E0A2025C81DB500B33506 /* FixedArrayParserTests.swift */ = {isa = PBXFileReference; lastKnownFileType = sourcecode.swift; path = FixedArrayParserTests.swift; sourceTree = "<group>"; };
		849E0A7325C9458F00B33506 /* StructNodeFactoryTests.swift */ = {isa = PBXFileReference; lastKnownFileType = sourcecode.swift; path = StructNodeFactoryTests.swift; sourceTree = "<group>"; };
		849E0A7925C94E3F00B33506 /* EnumMappingFactoryTests.swift */ = {isa = PBXFileReference; lastKnownFileType = sourcecode.swift; path = EnumMappingFactoryTests.swift; sourceTree = "<group>"; };
		849E0A7D25C95C7F00B33506 /* EnumValuesFactoryTests.swift */ = {isa = PBXFileReference; lastKnownFileType = sourcecode.swift; path = EnumValuesFactoryTests.swift; sourceTree = "<group>"; };
		849E0A8125C95E2700B33506 /* NumericSetFactoryTests.swift */ = {isa = PBXFileReference; lastKnownFileType = sourcecode.swift; path = NumericSetFactoryTests.swift; sourceTree = "<group>"; };
		849E0A9F25C9684800B33506 /* VectorNodeFactoryTests.swift */ = {isa = PBXFileReference; lastKnownFileType = sourcecode.swift; path = VectorNodeFactoryTests.swift; sourceTree = "<group>"; };
		849E0AA325C96A6400B33506 /* OptionNodeFactoryTests.swift */ = {isa = PBXFileReference; lastKnownFileType = sourcecode.swift; path = OptionNodeFactoryTests.swift; sourceTree = "<group>"; };
		849E0AA725C96AD600B33506 /* CompactNodeFactoryTests.swift */ = {isa = PBXFileReference; lastKnownFileType = sourcecode.swift; path = CompactNodeFactoryTests.swift; sourceTree = "<group>"; };
		849E0AAB25C96C7800B33506 /* TupleNodeFactoryTests.swift */ = {isa = PBXFileReference; lastKnownFileType = sourcecode.swift; path = TupleNodeFactoryTests.swift; sourceTree = "<group>"; };
		849E0AAF25C96DD500B33506 /* FixedArrayNodeFactoryTests.swift */ = {isa = PBXFileReference; lastKnownFileType = sourcecode.swift; path = FixedArrayNodeFactoryTests.swift; sourceTree = "<group>"; };
		849E0AB325C96EED00B33506 /* AliasNodeFactoryTests.swift */ = {isa = PBXFileReference; lastKnownFileType = sourcecode.swift; path = AliasNodeFactoryTests.swift; sourceTree = "<group>"; };
		849E0AE925C992F800B33506 /* CaseInsensitiveResolverTests.swift */ = {isa = PBXFileReference; lastKnownFileType = sourcecode.swift; path = CaseInsensitiveResolverTests.swift; sourceTree = "<group>"; };
		849E0B2F25CBD1CC00B33506 /* TypeRegistryCatalogValidationTests.swift */ = {isa = PBXFileReference; lastKnownFileType = sourcecode.swift; path = TypeRegistryCatalogValidationTests.swift; sourceTree = "<group>"; };
		84A0DE2D24DBF3F300F436A8 /* keystore-ed25519.json */ = {isa = PBXFileReference; lastKnownFileType = text.json; path = "keystore-ed25519.json"; sourceTree = "<group>"; };
		84A0DE2F24DBF40900F436A8 /* keystore-ecdsa.json */ = {isa = PBXFileReference; lastKnownFileType = text.json; path = "keystore-ecdsa.json"; sourceTree = "<group>"; };
		84AF374927171991007408D6 /* EthereumAddressTests.swift */ = {isa = PBXFileReference; fileEncoding = 4; lastKnownFileType = sourcecode.swift; path = EthereumAddressTests.swift; sourceTree = "<group>"; };
		84AF3766271A3A8D007408D6 /* kusama-v14-metadata */ = {isa = PBXFileReference; fileEncoding = 4; lastKnownFileType = text; path = "kusama-v14-metadata"; sourceTree = "<group>"; };
		84AF3767271A3A8D007408D6 /* polkadot-v14-metadata */ = {isa = PBXFileReference; fileEncoding = 4; lastKnownFileType = text; path = "polkadot-v14-metadata"; sourceTree = "<group>"; };
		84AF3768271A3A8D007408D6 /* westend-v14-metadata */ = {isa = PBXFileReference; fileEncoding = 4; lastKnownFileType = text; path = "westend-v14-metadata"; sourceTree = "<group>"; };
		84AF376C271A3AE5007408D6 /* RuntimeMetadataV14Tests.swift */ = {isa = PBXFileReference; lastKnownFileType = sourcecode.swift; path = RuntimeMetadataV14Tests.swift; sourceTree = "<group>"; };
		84AF3775271DA665007408D6 /* ScaleInfoHelpers.swift */ = {isa = PBXFileReference; lastKnownFileType = sourcecode.swift; path = ScaleInfoHelpers.swift; sourceTree = "<group>"; };
		84AF3779271DA9A2007408D6 /* ScaleRegistryTests.swift */ = {isa = PBXFileReference; lastKnownFileType = sourcecode.swift; path = ScaleRegistryTests.swift; sourceTree = "<group>"; };
		84AF377E271DE550007408D6 /* ScaleInfoMappingTests.swift */ = {isa = PBXFileReference; lastKnownFileType = sourcecode.swift; path = ScaleInfoMappingTests.swift; sourceTree = "<group>"; };
		84AF378427215DB4007408D6 /* ValidatorPrefs.swift */ = {isa = PBXFileReference; lastKnownFileType = sourcecode.swift; path = ValidatorPrefs.swift; sourceTree = "<group>"; };
		84AF378627221F01007408D6 /* common-v14.json */ = {isa = PBXFileReference; lastKnownFileType = text.json; path = "common-v14.json"; sourceTree = "<group>"; };
		84C41F3928EE157600DB1CD3 /* SignedIntNodeTests.swift */ = {isa = PBXFileReference; lastKnownFileType = sourcecode.swift; path = SignedIntNodeTests.swift; sourceTree = "<group>"; };
		84CB472024DBE7E100837E11 /* keystore-sr25519.json */ = {isa = PBXFileReference; lastKnownFileType = text.json; path = "keystore-sr25519.json"; sourceTree = "<group>"; };
		84CB472324DBE82C00837E11 /* KeystoreExtractorTests.swift */ = {isa = PBXFileReference; lastKnownFileType = sourcecode.swift; path = KeystoreExtractorTests.swift; sourceTree = "<group>"; };
		84DA3B3224C8CE5900B5E27F /* ScaleUInt32Tests.swift */ = {isa = PBXFileReference; fileEncoding = 4; lastKnownFileType = sourcecode.swift; path = ScaleUInt32Tests.swift; sourceTree = "<group>"; };
		84DA3B3324C8CE5900B5E27F /* ScaleCompactIntTests.swift */ = {isa = PBXFileReference; fileEncoding = 4; lastKnownFileType = sourcecode.swift; path = ScaleCompactIntTests.swift; sourceTree = "<group>"; };
		84DA3B3424C8CE5900B5E27F /* ScaleInt64Tests.swift */ = {isa = PBXFileReference; fileEncoding = 4; lastKnownFileType = sourcecode.swift; path = ScaleInt64Tests.swift; sourceTree = "<group>"; };
		84DA3B3524C8CE5900B5E27F /* ScaleUInt16Tests.swift */ = {isa = PBXFileReference; fileEncoding = 4; lastKnownFileType = sourcecode.swift; path = ScaleUInt16Tests.swift; sourceTree = "<group>"; };
		84DA3B3624C8CE5900B5E27F /* ScaleInt8Tests.swift */ = {isa = PBXFileReference; fileEncoding = 4; lastKnownFileType = sourcecode.swift; path = ScaleInt8Tests.swift; sourceTree = "<group>"; };
		84DA3B3724C8CE5900B5E27F /* ScaleInt32Tests.swift */ = {isa = PBXFileReference; fileEncoding = 4; lastKnownFileType = sourcecode.swift; path = ScaleInt32Tests.swift; sourceTree = "<group>"; };
		84DA3B3824C8CE5900B5E27F /* ScaleUInt64Tests.swift */ = {isa = PBXFileReference; fileEncoding = 4; lastKnownFileType = sourcecode.swift; path = ScaleUInt64Tests.swift; sourceTree = "<group>"; };
		84DA3B3924C8CE5900B5E27F /* ScaleStringTests.swift */ = {isa = PBXFileReference; fileEncoding = 4; lastKnownFileType = sourcecode.swift; path = ScaleStringTests.swift; sourceTree = "<group>"; };
		84DA3B3A24C8CE5900B5E27F /* ScaleInt16Tests.swift */ = {isa = PBXFileReference; fileEncoding = 4; lastKnownFileType = sourcecode.swift; path = ScaleInt16Tests.swift; sourceTree = "<group>"; };
		84DA3B3B24C8CE5900B5E27F /* ScaleUInt8Tests.swift */ = {isa = PBXFileReference; fileEncoding = 4; lastKnownFileType = sourcecode.swift; path = ScaleUInt8Tests.swift; sourceTree = "<group>"; };
		84DA3B4824C8CEEF00B5E27F /* Info.plist */ = {isa = PBXFileReference; lastKnownFileType = text.plist; name = Info.plist; path = Tests/Info.plist; sourceTree = SOURCE_ROOT; };
		84DEE7052798116700B9A39E /* statemine.json */ = {isa = PBXFileReference; lastKnownFileType = text.json; path = statemine.json; sourceTree = "<group>"; };
		84DEE707279811CE00B9A39E /* statemine-v14-metadata */ = {isa = PBXFileReference; lastKnownFileType = text; path = "statemine-v14-metadata"; sourceTree = "<group>"; };
		84DEE70A2798145E00B9A39E /* ExtrinsicExtensionsTests.swift */ = {isa = PBXFileReference; lastKnownFileType = sourcecode.swift; path = ExtrinsicExtensionsTests.swift; sourceTree = "<group>"; };
		84ED7255254A001A006102DF /* SubstrateQREncoderTests.swift */ = {isa = PBXFileReference; lastKnownFileType = sourcecode.swift; path = SubstrateQREncoderTests.swift; sourceTree = "<group>"; };
		84ED725B254A0233006102DF /* SubstrateQRDecoderTests.swift */ = {isa = PBXFileReference; lastKnownFileType = sourcecode.swift; path = SubstrateQRDecoderTests.swift; sourceTree = "<group>"; };
		84F30E4625FC05BE00039D09 /* SessionKeysPolkadot.swift */ = {isa = PBXFileReference; lastKnownFileType = sourcecode.swift; path = SessionKeysPolkadot.swift; sourceTree = "<group>"; };
		84F4394125DBAAA200AEDA56 /* test-metadata */ = {isa = PBXFileReference; lastKnownFileType = text; path = "test-metadata"; sourceTree = "<group>"; };
		84F4394525DBE54D00AEDA56 /* TableResolverTests.swift */ = {isa = PBXFileReference; lastKnownFileType = sourcecode.swift; path = TableResolverTests.swift; sourceTree = "<group>"; };
		84F439BB25DBF8D600AEDA56 /* TypeRegistryNetworkValidationTests.swift */ = {isa = PBXFileReference; lastKnownFileType = sourcecode.swift; path = TypeRegistryNetworkValidationTests.swift; sourceTree = "<group>"; };
		84F43A2325DC124600AEDA56 /* TypeRegistryCatalogTests.swift */ = {isa = PBXFileReference; lastKnownFileType = sourcecode.swift; path = TypeRegistryCatalogTests.swift; sourceTree = "<group>"; };
		84F43A2E25DC443100AEDA56 /* AccountInfo.swift */ = {isa = PBXFileReference; lastKnownFileType = sourcecode.swift; path = AccountInfo.swift; sourceTree = "<group>"; };
		84F43A3325DC44A000AEDA56 /* BindingTests.swift */ = {isa = PBXFileReference; lastKnownFileType = sourcecode.swift; path = BindingTests.swift; sourceTree = "<group>"; };
		84F43A5225DC61EA00AEDA56 /* RawOrigin.swift */ = {isa = PBXFileReference; lastKnownFileType = sourcecode.swift; path = RawOrigin.swift; sourceTree = "<group>"; };
		84F43A5B25DC6FC900AEDA56 /* Reasons.swift */ = {isa = PBXFileReference; lastKnownFileType = sourcecode.swift; path = Reasons.swift; sourceTree = "<group>"; };
		84F43A6425DC7ADA00AEDA56 /* IdentityFields.swift */ = {isa = PBXFileReference; lastKnownFileType = sourcecode.swift; path = IdentityFields.swift; sourceTree = "<group>"; };
		84F43A7725DC827A00AEDA56 /* TransientValidationData.swift */ = {isa = PBXFileReference; lastKnownFileType = sourcecode.swift; path = TransientValidationData.swift; sourceTree = "<group>"; };
		84F43B4525DE800F00AEDA56 /* ExtrinsicBuilderTests.swift */ = {isa = PBXFileReference; lastKnownFileType = sourcecode.swift; path = ExtrinsicBuilderTests.swift; sourceTree = "<group>"; };
		84F43B6F25DE90EC00AEDA56 /* TransferArgs.swift */ = {isa = PBXFileReference; lastKnownFileType = sourcecode.swift; path = TransferArgs.swift; sourceTree = "<group>"; };
		84F4A846254CAD73000CF0A3 /* KeystoreBuilderTests.swift */ = {isa = PBXFileReference; lastKnownFileType = sourcecode.swift; path = KeystoreBuilderTests.swift; sourceTree = "<group>"; };
		84FACC0325F799A900F32ED4 /* ChainDataCodingTests.swift */ = {isa = PBXFileReference; lastKnownFileType = sourcecode.swift; path = ChainDataCodingTests.swift; sourceTree = "<group>"; };
		84FACC0725F79C5200F32ED4 /* BaseCodingTests.swift */ = {isa = PBXFileReference; lastKnownFileType = sourcecode.swift; path = BaseCodingTests.swift; sourceTree = "<group>"; };
		84FACC0B25F79D8600F32ED4 /* GenericHashTests.swift */ = {isa = PBXFileReference; lastKnownFileType = sourcecode.swift; path = GenericHashTests.swift; sourceTree = "<group>"; };
		AE425FB526D363F500547303 /* BIP32JunctionFactoryTests.swift */ = {isa = PBXFileReference; lastKnownFileType = sourcecode.swift; path = BIP32JunctionFactoryTests.swift; sourceTree = "<group>"; };
		AE425FB926D3726900547303 /* BIP32KeypairDerivationTests.swift */ = {isa = PBXFileReference; lastKnownFileType = sourcecode.swift; path = BIP32KeypairDerivationTests.swift; sourceTree = "<group>"; };
		AE4B521326CBA71B00A66D2C /* BIP32HDKDEtalon.json */ = {isa = PBXFileReference; lastKnownFileType = text.json; path = BIP32HDKDEtalon.json; sourceTree = "<group>"; };
		AE4B521726CE127200A66D2C /* BIP32HDKD.json */ = {isa = PBXFileReference; lastKnownFileType = text.json; path = BIP32HDKD.json; sourceTree = "<group>"; };
		D001BA2CA89E91B69692B8CB /* Pods-SubstrateSdkExample.release.xcconfig */ = {isa = PBXFileReference; includeInIndex = 1; lastKnownFileType = text.xcconfig; name = "Pods-SubstrateSdkExample.release.xcconfig"; path = "Target Support Files/Pods-SubstrateSdkExample/Pods-SubstrateSdkExample.release.xcconfig"; sourceTree = "<group>"; };
		DBD8662893B1E1373B778CC2 /* LICENSE */ = {isa = PBXFileReference; includeInIndex = 1; lastKnownFileType = text; name = LICENSE; path = ../LICENSE; sourceTree = "<group>"; };
		F1DFAE04C5FF8ABD1496FDF5 /* Pods-SubstrateSdkExample.debug.xcconfig */ = {isa = PBXFileReference; includeInIndex = 1; lastKnownFileType = text.xcconfig; name = "Pods-SubstrateSdkExample.debug.xcconfig"; path = "Target Support Files/Pods-SubstrateSdkExample/Pods-SubstrateSdkExample.debug.xcconfig"; sourceTree = "<group>"; };
/* End PBXFileReference section */

/* Begin PBXFrameworksBuildPhase section */
		607FACCD1AFB9204008FA782 /* Frameworks */ = {
			isa = PBXFrameworksBuildPhase;
			buildActionMask = 2147483647;
			files = (
				6976AE87036D532DDD11B3D9 /* Pods_SubstrateSdkExample.framework in Frameworks */,
			);
			runOnlyForDeploymentPostprocessing = 0;
		};
		607FACE21AFB9204008FA782 /* Frameworks */ = {
			isa = PBXFrameworksBuildPhase;
			buildActionMask = 2147483647;
			files = (
				F1BF07A279997490AFC5278E /* Pods_SubstrateSdkTests.framework in Frameworks */,
			);
			runOnlyForDeploymentPostprocessing = 0;
		};
/* End PBXFrameworksBuildPhase section */

/* Begin PBXGroup section */
		5F63183C721A51C0AA2EF0EB /* Frameworks */ = {
			isa = PBXGroup;
			children = (
				00060C8DD6432907D485E325 /* Pods_SubstrateSdkExample.framework */,
				27A1BEB05AA8335CF4053A81 /* Pods_SubstrateSdkTests.framework */,
			);
			name = Frameworks;
			sourceTree = "<group>";
		};
		607FACC71AFB9204008FA782 = {
			isa = PBXGroup;
			children = (
				847082F9272683C6003408E8 /* SubstrateSdk */,
				607FACF51AFB993E008FA782 /* Podspec Metadata */,
				84DA3B3024C8CE5900B5E27F /* Tests */,
				607FACD11AFB9204008FA782 /* Products */,
				A78EB2A0158FDFCA62F39CAC /* Pods */,
				5F63183C721A51C0AA2EF0EB /* Frameworks */,
			);
			sourceTree = "<group>";
		};
		607FACD11AFB9204008FA782 /* Products */ = {
			isa = PBXGroup;
			children = (
				607FACD01AFB9204008FA782 /* SubstrateSdkExample.app */,
				607FACE51AFB9204008FA782 /* SubstrateSdkTests.xctest */,
			);
			name = Products;
			sourceTree = "<group>";
		};
		607FACF51AFB993E008FA782 /* Podspec Metadata */ = {
			isa = PBXGroup;
			children = (
				84060E992726870E0070F2E4 /* SubstrateSdk.podspec */,
				60654FCEF77A2B707A129454 /* README.md */,
				DBD8662893B1E1373B778CC2 /* LICENSE */,
			);
			name = "Podspec Metadata";
			sourceTree = "<group>";
		};
		841D527E25C49AD900DFA15B /* Parser */ = {
			isa = PBXGroup;
			children = (
				841D528925C4A11900DFA15B /* RegexParserTests.swift */,
				841D52B325C6BAE600DFA15B /* ComponentsParserTests.swift */,
				841D52E525C6DD1E00DFA15B /* TypeMappingParserTests.swift */,
				841D530725C6E75300DFA15B /* TypeValuesParserTests.swift */,
				841D531525C6F70500DFA15B /* TypeSetParserTests.swift */,
				841D532325C727FC00DFA15B /* TermParserTests.swift */,
				849E0A2025C81DB500B33506 /* FixedArrayParserTests.swift */,
			);
			path = Parser;
			sourceTree = "<group>";
		};
		841D539325C7516600DFA15B /* JSON */ = {
			isa = PBXGroup;
			children = (
				841D539425C7517300DFA15B /* JSONTests.swift */,
			);
			path = JSON;
			sourceTree = "<group>";
		};
		8429C7FA25C432CC0086D7F6 /* Runtime */ = {
			isa = PBXGroup;
			children = (
				84AF377D271DE51B007408D6 /* ScaleInfoMapping */,
				84F43A3225DC447E00AEDA56 /* Binding */,
				84452A7A25D1563D00F47EC5 /* Generic */,
				849E0AE825C992D200B33506 /* TypeResolution */,
				849E0A7225C9455600B33506 /* NodeFactory */,
				841D527E25C49AD900DFA15B /* Parser */,
				8429C7FC25C432FF0086D7F6 /* TypeRegistryTests.swift */,
				849E0B2F25CBD1CC00B33506 /* TypeRegistryCatalogValidationTests.swift */,
				84452BF425D2CABE00F47EC5 /* RuntimeMetadataTests.swift */,
				84F439BB25DBF8D600AEDA56 /* TypeRegistryNetworkValidationTests.swift */,
				84F43A2325DC124600AEDA56 /* TypeRegistryCatalogTests.swift */,
				84AF376C271A3AE5007408D6 /* RuntimeMetadataV14Tests.swift */,
				84AF3779271DA9A2007408D6 /* ScaleRegistryTests.swift */,
			);
			path = Runtime;
			sourceTree = "<group>";
		};
		8429C7FB25C432DA0086D7F6 /* Runtime */ = {
			isa = PBXGroup;
			children = (
				0CE92A6E2B2C5906009A21E9 /* kusama-v14-metadata-latest */,
				84AF3766271A3A8D007408D6 /* kusama-v14-metadata */,
				84AF3767271A3A8D007408D6 /* polkadot-v14-metadata */,
				84AF3768271A3A8D007408D6 /* westend-v14-metadata */,
				8429C80F25C434DA0086D7F6 /* default.json */,
				8429C80E25C434DA0086D7F6 /* kusama.json */,
				8429C80D25C434DA0086D7F6 /* polkadot.json */,
				8429C80C25C434DA0086D7F6 /* westend.json */,
				84452B6025D2ADC300F47EC5 /* westend-metadata */,
				84452C0A25D2D54300F47EC5 /* kusama-metadata */,
				84452C0E25D2D5C300F47EC5 /* polkadot-metadata */,
				8467F4C626B285EC00C5B6F4 /* statemine-metadata */,
				84F4394125DBAAA200AEDA56 /* test-metadata */,
				84AF378627221F01007408D6 /* common-v14.json */,
				84DEE7052798116700B9A39E /* statemine.json */,
				84DEE707279811CE00B9A39E /* statemine-v14-metadata */,
			);
			path = Runtime;
			sourceTree = "<group>";
		};
		842D1E6824CF7FC500C30A7A /* Crypto */ = {
			isa = PBXGroup;
			children = (
				84AF374927171991007408D6 /* EthereumAddressTests.swift */,
				AE425FB726D3724100547303 /* BIP32 */,
				845D80EC24C8D91A00EC2540 /* SeedFactoryTests.swift */,
				842D1E6924CF800400C30A7A /* SubstrateJunctionFactoryTests.swift */,
				842D1E7224CFF4EC00C30A7A /* KeypairDeriviationTests.swift */,
			);
			path = Crypto;
			sourceTree = "<group>";
		};
		842D1E6E24CFF2DC00C30A7A /* Helpers */ = {
			isa = PBXGroup;
			children = (
				84F43A2D25DC43F100AEDA56 /* RuntimeTypes */,
				842D1E6F24CFF2FB00C30A7A /* KeypairDeriviation.swift */,
				841D52E925C6DDF800DFA15B /* JSONHelpers.swift */,
				84452A8125D1577100F47EC5 /* RuntimeHelpers.swift */,
				84AF3775271DA665007408D6 /* ScaleInfoHelpers.swift */,
			);
			path = Helpers;
			sourceTree = "<group>";
		};
		842D1E7424D0066100C30A7A /* Resources */ = {
			isa = PBXGroup;
			children = (
				8429C7FB25C432DA0086D7F6 /* Runtime */,
				8467FD1124E675D0005D486C /* ed25519HDKD.json */,
				8467FD1024E675D0005D486C /* ecdsaHDKD.json */,
				84CB471F24DBE7BD00837E11 /* Keystore */,
				842D1E7524D0069000C30A7A /* sr25519HDKD.json */,
				AE4B521326CBA71B00A66D2C /* BIP32HDKDEtalon.json */,
				AE4B521726CE127200A66D2C /* BIP32HDKD.json */,
			);
			path = Resources;
			sourceTree = "<group>";
		};
		84452A7A25D1563D00F47EC5 /* Generic */ = {
			isa = PBXGroup;
			children = (
				84452A7B25D156A000F47EC5 /* BitVecNodeTests.swift */,
				84452ACC25D1E4C300F47EC5 /* EraNodeTests.swift */,
				84452B0225D27BDB00F47EC5 /* DataNodeTests.swift */,
				84452C7C25D3F75800F47EC5 /* GenericCallNodeTests.swift */,
				84452C8225D3F97F00F47EC5 /* GenericEventNodeTests.swift */,
				84452D9225D48FC100F47EC5 /* ExtrinsicNodeTests.swift */,
				84C41F3928EE157600DB1CD3 /* SignedIntNodeTests.swift */,
			);
			path = Generic;
			sourceTree = "<group>";
		};
		845D80EB24C8D8F500EC2540 /* Common */ = {
			isa = PBXGroup;
			children = (
				842D1E2224C98CEA00C30A7A /* StorageKeyFactoryTests.swift */,
				8467FD2724E72CCD005D486C /* HSLColorTests.swift */,
				84FACC0325F799A900F32ED4 /* ChainDataCodingTests.swift */,
				84FACC0725F79C5200F32ED4 /* BaseCodingTests.swift */,
				84FACC0B25F79D8600F32ED4 /* GenericHashTests.swift */,
			);
			path = Common;
			sourceTree = "<group>";
		};
		8467FD2324E71A0E005D486C /* Icon */ = {
			isa = PBXGroup;
			children = (
				8467FD2524E71A37005D486C /* IconGenerationTests.swift */,
			);
			path = Icon;
			sourceTree = "<group>";
		};
		847082F9272683C6003408E8 /* SubstrateSdk */ = {
			isa = PBXGroup;
			children = (
				847082FA272683C6003408E8 /* ViewController.swift */,
				847082FB272683C6003408E8 /* LaunchScreen.xib */,
				847082FD272683C6003408E8 /* Images.xcassets */,
				847082FE272683C6003408E8 /* AppDelegate.swift */,
			);
			path = SubstrateSdk;
			sourceTree = "<group>";
		};
		849C066B2764837700394C82 /* Network */ = {
			isa = PBXGroup;
			children = (
				849C066C276483A300394C82 /* JSONSubscriptionIdTests.swift */,
			);
			path = Network;
			sourceTree = "<group>";
		};
		849E0A7225C9455600B33506 /* NodeFactory */ = {
			isa = PBXGroup;
			children = (
				849E0A7325C9458F00B33506 /* StructNodeFactoryTests.swift */,
				849E0A7925C94E3F00B33506 /* EnumMappingFactoryTests.swift */,
				849E0A7D25C95C7F00B33506 /* EnumValuesFactoryTests.swift */,
				849E0A8125C95E2700B33506 /* NumericSetFactoryTests.swift */,
				849E0A9F25C9684800B33506 /* VectorNodeFactoryTests.swift */,
				849E0AA325C96A6400B33506 /* OptionNodeFactoryTests.swift */,
				849E0AA725C96AD600B33506 /* CompactNodeFactoryTests.swift */,
				849E0AAB25C96C7800B33506 /* TupleNodeFactoryTests.swift */,
				849E0AAF25C96DD500B33506 /* FixedArrayNodeFactoryTests.swift */,
				849E0AB325C96EED00B33506 /* AliasNodeFactoryTests.swift */,
			);
			path = NodeFactory;
			sourceTree = "<group>";
		};
		849E0AE825C992D200B33506 /* TypeResolution */ = {
			isa = PBXGroup;
			children = (
				849E0AE925C992F800B33506 /* CaseInsensitiveResolverTests.swift */,
				84452C9A25D40B5600F47EC5 /* RegexReplaceResolverTests.swift */,
				84F4394525DBE54D00AEDA56 /* TableResolverTests.swift */,
			);
			path = TypeResolution;
			sourceTree = "<group>";
		};
		84AF377D271DE51B007408D6 /* ScaleInfoMapping */ = {
			isa = PBXGroup;
			children = (
				84AF377E271DE550007408D6 /* ScaleInfoMappingTests.swift */,
			);
			path = ScaleInfoMapping;
			sourceTree = "<group>";
		};
		84CB471F24DBE7BD00837E11 /* Keystore */ = {
			isa = PBXGroup;
			children = (
				849CFADD27394E5D0096D201 /* keystore-ethereum-int-version.json */,
				84CB472024DBE7E100837E11 /* keystore-sr25519.json */,
				84A0DE2D24DBF3F300F436A8 /* keystore-ed25519.json */,
				84A0DE2F24DBF40900F436A8 /* keystore-ecdsa.json */,
				84784104273569A000401EFA /* keystore-ethereum.json */,
			);
			path = Keystore;
			sourceTree = "<group>";
		};
		84CB472224DBE81100837E11 /* Keystore */ = {
			isa = PBXGroup;
			children = (
				84CB472324DBE82C00837E11 /* KeystoreExtractorTests.swift */,
				84F4A846254CAD73000CF0A3 /* KeystoreBuilderTests.swift */,
			);
			path = Keystore;
			sourceTree = "<group>";
		};
		84DA3B3024C8CE5900B5E27F /* Tests */ = {
			isa = PBXGroup;
			children = (
				849C066B2764837700394C82 /* Network */,
				84F43B4425DE7FF700AEDA56 /* ExtrinsicBuilder */,
				841D539325C7516600DFA15B /* JSON */,
				8429C7FA25C432CC0086D7F6 /* Runtime */,
				84ED7254254A0006006102DF /* QR */,
				8467FD2324E71A0E005D486C /* Icon */,
				84CB472224DBE81100837E11 /* Keystore */,
				842D1E7424D0066100C30A7A /* Resources */,
				842D1E6E24CFF2DC00C30A7A /* Helpers */,
				842D1E6824CF7FC500C30A7A /* Crypto */,
				845D80EB24C8D8F500EC2540 /* Common */,
				84DA3B4824C8CEEF00B5E27F /* Info.plist */,
				84DA3B3124C8CE5900B5E27F /* Scale */,
			);
			name = Tests;
			path = ../Tests;
			sourceTree = "<group>";
		};
		84DA3B3124C8CE5900B5E27F /* Scale */ = {
			isa = PBXGroup;
			children = (
				84DA3B3224C8CE5900B5E27F /* ScaleUInt32Tests.swift */,
				84DA3B3324C8CE5900B5E27F /* ScaleCompactIntTests.swift */,
				84DA3B3424C8CE5900B5E27F /* ScaleInt64Tests.swift */,
				84DA3B3524C8CE5900B5E27F /* ScaleUInt16Tests.swift */,
				84DA3B3624C8CE5900B5E27F /* ScaleInt8Tests.swift */,
				84DA3B3724C8CE5900B5E27F /* ScaleInt32Tests.swift */,
				84DA3B3824C8CE5900B5E27F /* ScaleUInt64Tests.swift */,
				84DA3B3924C8CE5900B5E27F /* ScaleStringTests.swift */,
				84DA3B3A24C8CE5900B5E27F /* ScaleInt16Tests.swift */,
				84DA3B3B24C8CE5900B5E27F /* ScaleUInt8Tests.swift */,
				842D1E2424C9AC5D00C30A7A /* ScaleBoolOptionTests.swift */,
				842D1E2624C9B63300C30A7A /* ScaleOptionTests.swift */,
			);
			path = Scale;
			sourceTree = "<group>";
		};
		84ED7254254A0006006102DF /* QR */ = {
			isa = PBXGroup;
			children = (
				84ED7255254A001A006102DF /* SubstrateQREncoderTests.swift */,
				84ED725B254A0233006102DF /* SubstrateQRDecoderTests.swift */,
				8420B438273DADE50000555E /* AddressQRDecoderTests.swift */,
			);
			path = QR;
			sourceTree = "<group>";
		};
		84F43A2D25DC43F100AEDA56 /* RuntimeTypes */ = {
			isa = PBXGroup;
			children = (
				84F43A2E25DC443100AEDA56 /* AccountInfo.swift */,
				84F43A5225DC61EA00AEDA56 /* RawOrigin.swift */,
				84F43A5B25DC6FC900AEDA56 /* Reasons.swift */,
				84F43A6425DC7ADA00AEDA56 /* IdentityFields.swift */,
				84F43A7725DC827A00AEDA56 /* TransientValidationData.swift */,
				84F43B6F25DE90EC00AEDA56 /* TransferArgs.swift */,
				84F30E4625FC05BE00039D09 /* SessionKeysPolkadot.swift */,
				8459EA0D2657961F006BBF9E /* FundInfo.swift */,
				8459EA112657963C006BBF9E /* MultiSigner.swift */,
				8459EA152657987D006BBF9E /* LastContribution.swift */,
				84AF378427215DB4007408D6 /* ValidatorPrefs.swift */,
			);
			path = RuntimeTypes;
			sourceTree = "<group>";
		};
		84F43A3225DC447E00AEDA56 /* Binding */ = {
			isa = PBXGroup;
			children = (
				84F43A3325DC44A000AEDA56 /* BindingTests.swift */,
			);
			path = Binding;
			sourceTree = "<group>";
		};
		84F43B4425DE7FF700AEDA56 /* ExtrinsicBuilder */ = {
			isa = PBXGroup;
			children = (
				84F43B4525DE800F00AEDA56 /* ExtrinsicBuilderTests.swift */,
				84DEE70A2798145E00B9A39E /* ExtrinsicExtensionsTests.swift */,
			);
			path = ExtrinsicBuilder;
			sourceTree = "<group>";
		};
		A78EB2A0158FDFCA62F39CAC /* Pods */ = {
			isa = PBXGroup;
			children = (
				F1DFAE04C5FF8ABD1496FDF5 /* Pods-SubstrateSdkExample.debug.xcconfig */,
				D001BA2CA89E91B69692B8CB /* Pods-SubstrateSdkExample.release.xcconfig */,
				2E305CB3E5589CF7DC3BD962 /* Pods-SubstrateSdkTests.debug.xcconfig */,
				3DC3C61E2550AB6A7358DB29 /* Pods-SubstrateSdkTests.release.xcconfig */,
			);
			path = Pods;
			sourceTree = "<group>";
		};
		AE425FB726D3724100547303 /* BIP32 */ = {
			isa = PBXGroup;
			children = (
				AE425FB526D363F500547303 /* BIP32JunctionFactoryTests.swift */,
				AE425FB926D3726900547303 /* BIP32KeypairDerivationTests.swift */,
			);
			path = BIP32;
			sourceTree = "<group>";
		};
/* End PBXGroup section */

/* Begin PBXNativeTarget section */
		607FACCF1AFB9204008FA782 /* SubstrateSdkExample */ = {
			isa = PBXNativeTarget;
			buildConfigurationList = 607FACEF1AFB9204008FA782 /* Build configuration list for PBXNativeTarget "SubstrateSdkExample" */;
			buildPhases = (
				2D82DD0BC2E5119EFF21E55B /* [CP] Check Pods Manifest.lock */,
				607FACCC1AFB9204008FA782 /* Sources */,
				607FACCD1AFB9204008FA782 /* Frameworks */,
				607FACCE1AFB9204008FA782 /* Resources */,
				30CB266525F9200100EDAE1C /* SwiftLint */,
				6C1C296CB44E1B79432D0436 /* [CP] Embed Pods Frameworks */,
			);
			buildRules = (
			);
			dependencies = (
			);
			name = SubstrateSdkExample;
			productName = SubstrateSdk;
			productReference = 607FACD01AFB9204008FA782 /* SubstrateSdkExample.app */;
			productType = "com.apple.product-type.application";
		};
		607FACE41AFB9204008FA782 /* SubstrateSdkTests */ = {
			isa = PBXNativeTarget;
			buildConfigurationList = 607FACF21AFB9204008FA782 /* Build configuration list for PBXNativeTarget "SubstrateSdkTests" */;
			buildPhases = (
				D3B14C1EABD9A8945F096E88 /* [CP] Check Pods Manifest.lock */,
				607FACE11AFB9204008FA782 /* Sources */,
				607FACE21AFB9204008FA782 /* Frameworks */,
				607FACE31AFB9204008FA782 /* Resources */,
			);
			buildRules = (
			);
			dependencies = (
				607FACE71AFB9204008FA782 /* PBXTargetDependency */,
			);
			name = SubstrateSdkTests;
			productName = Tests;
			productReference = 607FACE51AFB9204008FA782 /* SubstrateSdkTests.xctest */;
			productType = "com.apple.product-type.bundle.unit-test";
		};
/* End PBXNativeTarget section */

/* Begin PBXProject section */
		607FACC81AFB9204008FA782 /* Project object */ = {
			isa = PBXProject;
			attributes = {
				LastSwiftUpdateCheck = 0830;
				LastUpgradeCheck = 0830;
				ORGANIZATIONNAME = CocoaPods;
				TargetAttributes = {
					607FACCF1AFB9204008FA782 = {
						CreatedOnToolsVersion = 6.3.1;
						DevelopmentTeam = YLWWUD25VZ;
						LastSwiftMigration = 0900;
					};
					607FACE41AFB9204008FA782 = {
						CreatedOnToolsVersion = 6.3.1;
						DevelopmentTeam = YLWWUD25VZ;
						LastSwiftMigration = 0900;
						TestTargetID = 607FACCF1AFB9204008FA782;
					};
				};
			};
			buildConfigurationList = 607FACCB1AFB9204008FA782 /* Build configuration list for PBXProject "SubstrateSdk" */;
			compatibilityVersion = "Xcode 3.2";
			developmentRegion = English;
			hasScannedForEncodings = 0;
			knownRegions = (
				English,
				en,
				Base,
			);
			mainGroup = 607FACC71AFB9204008FA782;
			productRefGroup = 607FACD11AFB9204008FA782 /* Products */;
			projectDirPath = "";
			projectRoot = "";
			targets = (
				607FACCF1AFB9204008FA782 /* SubstrateSdkExample */,
				607FACE41AFB9204008FA782 /* SubstrateSdkTests */,
			);
		};
/* End PBXProject section */

/* Begin PBXResourcesBuildPhase section */
		607FACCE1AFB9204008FA782 /* Resources */ = {
			isa = PBXResourcesBuildPhase;
			buildActionMask = 2147483647;
			files = (
				84708301272683C6003408E8 /* LaunchScreen.xib in Resources */,
				84708302272683C6003408E8 /* Images.xcassets in Resources */,
			);
			runOnlyForDeploymentPostprocessing = 0;
		};
		607FACE31AFB9204008FA782 /* Resources */ = {
			isa = PBXResourcesBuildPhase;
			buildActionMask = 2147483647;
			files = (
				84AF378727221F02007408D6 /* common-v14.json in Resources */,
				8467FD1424E677C2005D486C /* ed25519HDKD.json in Resources */,
				84784105273569A000401EFA /* keystore-ethereum.json in Resources */,
				842D1E7624D0069000C30A7A /* sr25519HDKD.json in Resources */,
				AE4B521426CBA71B00A66D2C /* BIP32HDKDEtalon.json in Resources */,
				84AF3769271A3A8E007408D6 /* kusama-v14-metadata in Resources */,
				84AF376B271A3A8E007408D6 /* westend-v14-metadata in Resources */,
				84452B6125D2ADC300F47EC5 /* westend-metadata in Resources */,
				84452C0B25D2D54300F47EC5 /* kusama-metadata in Resources */,
				8429C81825C434E40086D7F6 /* default.json in Resources */,
				8467FD1524E677C6005D486C /* ecdsaHDKD.json in Resources */,
				84452C0F25D2D5C300F47EC5 /* polkadot-metadata in Resources */,
				0CE92A6F2B2C5906009A21E9 /* kusama-v14-metadata-latest in Resources */,
				8429C82725C434ED0086D7F6 /* westend.json in Resources */,
				84A0DE3124DBF49400F436A8 /* keystore-ed25519.json in Resources */,
				849CFADE27394E5D0096D201 /* keystore-ethereum-int-version.json in Resources */,
				AE4B521826CE127200A66D2C /* BIP32HDKD.json in Resources */,
				84DEE7062798116700B9A39E /* statemine.json in Resources */,
				84F4394225DBAAA200AEDA56 /* test-metadata in Resources */,
				8429C81D25C434E70086D7F6 /* kusama.json in Resources */,
				84AF376A271A3A8E007408D6 /* polkadot-v14-metadata in Resources */,
				8467F4C726B285EC00C5B6F4 /* statemine-metadata in Resources */,
				84DEE708279811CE00B9A39E /* statemine-v14-metadata in Resources */,
				84A0DE3224DBF49700F436A8 /* keystore-ecdsa.json in Resources */,
				84CB472524DBE98500837E11 /* keystore-sr25519.json in Resources */,
				8429C82225C434EA0086D7F6 /* polkadot.json in Resources */,
			);
			runOnlyForDeploymentPostprocessing = 0;
		};
/* End PBXResourcesBuildPhase section */

/* Begin PBXShellScriptBuildPhase section */
		2D82DD0BC2E5119EFF21E55B /* [CP] Check Pods Manifest.lock */ = {
			isa = PBXShellScriptBuildPhase;
			buildActionMask = 2147483647;
			files = (
			);
			inputFileListPaths = (
			);
			inputPaths = (
				"${PODS_PODFILE_DIR_PATH}/Podfile.lock",
				"${PODS_ROOT}/Manifest.lock",
			);
			name = "[CP] Check Pods Manifest.lock";
			outputFileListPaths = (
			);
			outputPaths = (
				"$(DERIVED_FILE_DIR)/Pods-SubstrateSdkExample-checkManifestLockResult.txt",
			);
			runOnlyForDeploymentPostprocessing = 0;
			shellPath = /bin/sh;
			shellScript = "diff \"${PODS_PODFILE_DIR_PATH}/Podfile.lock\" \"${PODS_ROOT}/Manifest.lock\" > /dev/null\nif [ $? != 0 ] ; then\n    # print error to STDERR\n    echo \"error: The sandbox is not in sync with the Podfile.lock. Run 'pod install' or update your CocoaPods installation.\" >&2\n    exit 1\nfi\n# This output is used by Xcode 'outputs' to avoid re-running this script phase.\necho \"SUCCESS\" > \"${SCRIPT_OUTPUT_FILE_0}\"\n";
			showEnvVarsInLog = 0;
		};
		30CB266525F9200100EDAE1C /* SwiftLint */ = {
			isa = PBXShellScriptBuildPhase;
			buildActionMask = 2147483647;
			files = (
			);
			inputFileListPaths = (
			);
			inputPaths = (
			);
			name = SwiftLint;
			outputFileListPaths = (
			);
			outputPaths = (
			);
			runOnlyForDeploymentPostprocessing = 0;
			shellPath = /bin/sh;
			shellScript = "\"${PODS_ROOT}/SwiftLint/swiftlint\" --config \".swiftlint.yml\"\n";
		};
		6C1C296CB44E1B79432D0436 /* [CP] Embed Pods Frameworks */ = {
			isa = PBXShellScriptBuildPhase;
			buildActionMask = 2147483647;
			files = (
			);
			inputPaths = (
				"${PODS_ROOT}/Target Support Files/Pods-SubstrateSdkExample/Pods-SubstrateSdkExample-frameworks.sh",
				"${BUILT_PRODUCTS_DIR}/BigInt/BigInt.framework",
				"${BUILT_PRODUCTS_DIR}/IrohaCrypto/IrohaCrypto.framework",
				"${BUILT_PRODUCTS_DIR}/Operation-iOS/Operation_iOS.framework",
				"${BUILT_PRODUCTS_DIR}/ReachabilitySwift/Reachability.framework",
				"${BUILT_PRODUCTS_DIR}/Starscream/Starscream.framework",
				"${BUILT_PRODUCTS_DIR}/SubstrateSdk/SubstrateSdk.framework",
				"${BUILT_PRODUCTS_DIR}/TweetNacl/TweetNacl.framework",
				"${BUILT_PRODUCTS_DIR}/keccak.c/keccak.framework",
				"${BUILT_PRODUCTS_DIR}/scrypt.c/scrypt.framework",
				"${BUILT_PRODUCTS_DIR}/secp256k1.c/secp256k1.framework",
				"${BUILT_PRODUCTS_DIR}/xxHash-Swift/xxHash_Swift.framework",
			);
			name = "[CP] Embed Pods Frameworks";
			outputPaths = (
				"${TARGET_BUILD_DIR}/${FRAMEWORKS_FOLDER_PATH}/BigInt.framework",
				"${TARGET_BUILD_DIR}/${FRAMEWORKS_FOLDER_PATH}/IrohaCrypto.framework",
				"${TARGET_BUILD_DIR}/${FRAMEWORKS_FOLDER_PATH}/Operation_iOS.framework",
				"${TARGET_BUILD_DIR}/${FRAMEWORKS_FOLDER_PATH}/Reachability.framework",
				"${TARGET_BUILD_DIR}/${FRAMEWORKS_FOLDER_PATH}/Starscream.framework",
				"${TARGET_BUILD_DIR}/${FRAMEWORKS_FOLDER_PATH}/SubstrateSdk.framework",
				"${TARGET_BUILD_DIR}/${FRAMEWORKS_FOLDER_PATH}/TweetNacl.framework",
				"${TARGET_BUILD_DIR}/${FRAMEWORKS_FOLDER_PATH}/keccak.framework",
				"${TARGET_BUILD_DIR}/${FRAMEWORKS_FOLDER_PATH}/scrypt.framework",
				"${TARGET_BUILD_DIR}/${FRAMEWORKS_FOLDER_PATH}/secp256k1.framework",
				"${TARGET_BUILD_DIR}/${FRAMEWORKS_FOLDER_PATH}/xxHash_Swift.framework",
			);
			runOnlyForDeploymentPostprocessing = 0;
			shellPath = /bin/sh;
			shellScript = "\"${PODS_ROOT}/Target Support Files/Pods-SubstrateSdkExample/Pods-SubstrateSdkExample-frameworks.sh\"\n";
			showEnvVarsInLog = 0;
		};
		D3B14C1EABD9A8945F096E88 /* [CP] Check Pods Manifest.lock */ = {
			isa = PBXShellScriptBuildPhase;
			buildActionMask = 2147483647;
			files = (
			);
			inputFileListPaths = (
			);
			inputPaths = (
				"${PODS_PODFILE_DIR_PATH}/Podfile.lock",
				"${PODS_ROOT}/Manifest.lock",
			);
			name = "[CP] Check Pods Manifest.lock";
			outputFileListPaths = (
			);
			outputPaths = (
				"$(DERIVED_FILE_DIR)/Pods-SubstrateSdkTests-checkManifestLockResult.txt",
			);
			runOnlyForDeploymentPostprocessing = 0;
			shellPath = /bin/sh;
			shellScript = "diff \"${PODS_PODFILE_DIR_PATH}/Podfile.lock\" \"${PODS_ROOT}/Manifest.lock\" > /dev/null\nif [ $? != 0 ] ; then\n    # print error to STDERR\n    echo \"error: The sandbox is not in sync with the Podfile.lock. Run 'pod install' or update your CocoaPods installation.\" >&2\n    exit 1\nfi\n# This output is used by Xcode 'outputs' to avoid re-running this script phase.\necho \"SUCCESS\" > \"${SCRIPT_OUTPUT_FILE_0}\"\n";
			showEnvVarsInLog = 0;
		};
/* End PBXShellScriptBuildPhase section */

/* Begin PBXSourcesBuildPhase section */
		607FACCC1AFB9204008FA782 /* Sources */ = {
			isa = PBXSourcesBuildPhase;
			buildActionMask = 2147483647;
			files = (
				84708303272683C6003408E8 /* AppDelegate.swift in Sources */,
				84708300272683C6003408E8 /* ViewController.swift in Sources */,
			);
			runOnlyForDeploymentPostprocessing = 0;
		};
		607FACE11AFB9204008FA782 /* Sources */ = {
			isa = PBXSourcesBuildPhase;
			buildActionMask = 2147483647;
			files = (
				849E0AB425C96EED00B33506 /* AliasNodeFactoryTests.swift in Sources */,
				84DA3B4424C8CE5A00B5E27F /* ScaleInt16Tests.swift in Sources */,
				849E0AA025C9684800B33506 /* VectorNodeFactoryTests.swift in Sources */,
				849E0AEA25C992F800B33506 /* CaseInsensitiveResolverTests.swift in Sources */,
				84DA3B3E24C8CE5900B5E27F /* ScaleInt64Tests.swift in Sources */,
				84452BF525D2CABE00F47EC5 /* RuntimeMetadataTests.swift in Sources */,
				84DA3B4024C8CE5900B5E27F /* ScaleInt8Tests.swift in Sources */,
				84AF377F271DE550007408D6 /* ScaleInfoMappingTests.swift in Sources */,
				84DA3B4524C8CE5A00B5E27F /* ScaleUInt8Tests.swift in Sources */,
				84C41F3A28EE157600DB1CD3 /* SignedIntNodeTests.swift in Sources */,
				84F43A6125DC701F00AEDA56 /* Reasons.swift in Sources */,
				84AF377A271DA9A2007408D6 /* ScaleRegistryTests.swift in Sources */,
				84F43B4625DE800F00AEDA56 /* ExtrinsicBuilderTests.swift in Sources */,
				84DA3B3D24C8CE5900B5E27F /* ScaleCompactIntTests.swift in Sources */,
				849E0A7425C9458F00B33506 /* StructNodeFactoryTests.swift in Sources */,
				84FACC0825F79C5200F32ED4 /* BaseCodingTests.swift in Sources */,
				849E0A2125C81DB500B33506 /* FixedArrayParserTests.swift in Sources */,
				84F43A3B25DC44D400AEDA56 /* AccountInfo.swift in Sources */,
				84F43A5825DC652C00AEDA56 /* RawOrigin.swift in Sources */,
				849E0AA825C96AD600B33506 /* CompactNodeFactoryTests.swift in Sources */,
				849E0B3025CBD1CC00B33506 /* TypeRegistryCatalogValidationTests.swift in Sources */,
				84DA3B4324C8CE5A00B5E27F /* ScaleStringTests.swift in Sources */,
				84AF376D271A3AE5007408D6 /* RuntimeMetadataV14Tests.swift in Sources */,
				84DA3B4224C8CE5A00B5E27F /* ScaleUInt64Tests.swift in Sources */,
				849E0A7A25C94E3F00B33506 /* EnumMappingFactoryTests.swift in Sources */,
				8459EA162657987D006BBF9E /* LastContribution.swift in Sources */,
				84452B0325D27BDB00F47EC5 /* DataNodeTests.swift in Sources */,
				84F30E4725FC05BE00039D09 /* SessionKeysPolkadot.swift in Sources */,
				84FACC0425F799A900F32ED4 /* ChainDataCodingTests.swift in Sources */,
				84F43A3425DC44A000AEDA56 /* BindingTests.swift in Sources */,
				84F43A2425DC124600AEDA56 /* TypeRegistryCatalogTests.swift in Sources */,
				842D1E6A24CF800400C30A7A /* SubstrateJunctionFactoryTests.swift in Sources */,
				8429C7FD25C432FF0086D7F6 /* TypeRegistryTests.swift in Sources */,
				841D52EA25C6DDF800DFA15B /* JSONHelpers.swift in Sources */,
				849E0AAC25C96C7800B33506 /* TupleNodeFactoryTests.swift in Sources */,
				849E0A8225C95E2700B33506 /* NumericSetFactoryTests.swift in Sources */,
				84DA3B4124C8CE5A00B5E27F /* ScaleInt32Tests.swift in Sources */,
				8459EA0E2657961F006BBF9E /* FundInfo.swift in Sources */,
				849C066D276483A300394C82 /* JSONSubscriptionIdTests.swift in Sources */,
				8467FD2624E71A37005D486C /* IconGenerationTests.swift in Sources */,
				84F43A7D25DC82B200AEDA56 /* TransientValidationData.swift in Sources */,
				8420B439273DADE50000555E /* AddressQRDecoderTests.swift in Sources */,
				84452C8325D3F97F00F47EC5 /* GenericEventNodeTests.swift in Sources */,
				849E0A7E25C95C7F00B33506 /* EnumValuesFactoryTests.swift in Sources */,
				842D1E2324C98CEA00C30A7A /* StorageKeyFactoryTests.swift in Sources */,
				8459EA122657963C006BBF9E /* MultiSigner.swift in Sources */,
				84AF3776271DA665007408D6 /* ScaleInfoHelpers.swift in Sources */,
				AE425FBA26D3726900547303 /* BIP32KeypairDerivationTests.swift in Sources */,
				8467FD2824E72CCD005D486C /* HSLColorTests.swift in Sources */,
				84FACC0C25F79D8600F32ED4 /* GenericHashTests.swift in Sources */,
				842D1E2724C9B63300C30A7A /* ScaleOptionTests.swift in Sources */,
				84ED725C254A0233006102DF /* SubstrateQRDecoderTests.swift in Sources */,
				84F439BC25DBF8D600AEDA56 /* TypeRegistryNetworkValidationTests.swift in Sources */,
				84DEE70B2798145E00B9A39E /* ExtrinsicExtensionsTests.swift in Sources */,
				84ED7256254A001A006102DF /* SubstrateQREncoderTests.swift in Sources */,
				84452C9B25D40B5600F47EC5 /* RegexReplaceResolverTests.swift in Sources */,
				84452C7D25D3F75800F47EC5 /* GenericCallNodeTests.swift in Sources */,
				84AF378527215DB4007408D6 /* ValidatorPrefs.swift in Sources */,
				84452A7C25D156A000F47EC5 /* BitVecNodeTests.swift in Sources */,
				841D52B425C6BAE600DFA15B /* ComponentsParserTests.swift in Sources */,
				84452ACD25D1E4C300F47EC5 /* EraNodeTests.swift in Sources */,
				84F43A6A25DC7AE300AEDA56 /* IdentityFields.swift in Sources */,
				84AF374A27171991007408D6 /* EthereumAddressTests.swift in Sources */,
				84452A8225D1577100F47EC5 /* RuntimeHelpers.swift in Sources */,
				842D1E7324CFF4EC00C30A7A /* KeypairDeriviationTests.swift in Sources */,
				849E0AA425C96A6400B33506 /* OptionNodeFactoryTests.swift in Sources */,
				849E0AB025C96DD500B33506 /* FixedArrayNodeFactoryTests.swift in Sources */,
				841D531625C6F70500DFA15B /* TypeSetParserTests.swift in Sources */,
				84CB472424DBE82C00837E11 /* KeystoreExtractorTests.swift in Sources */,
				84F4A847254CAD73000CF0A3 /* KeystoreBuilderTests.swift in Sources */,
				84F4394625DBE54D00AEDA56 /* TableResolverTests.swift in Sources */,
				842D1E7124CFF31800C30A7A /* KeypairDeriviation.swift in Sources */,
				841D539525C7517300DFA15B /* JSONTests.swift in Sources */,
				841D528A25C4A11900DFA15B /* RegexParserTests.swift in Sources */,
				AE425FB626D363F500547303 /* BIP32JunctionFactoryTests.swift in Sources */,
				842D1E2524C9AC5D00C30A7A /* ScaleBoolOptionTests.swift in Sources */,
				84452D9325D48FC100F47EC5 /* ExtrinsicNodeTests.swift in Sources */,
				841D532425C727FC00DFA15B /* TermParserTests.swift in Sources */,
				841D52E625C6DD1E00DFA15B /* TypeMappingParserTests.swift in Sources */,
				845D80ED24C8D91A00EC2540 /* SeedFactoryTests.swift in Sources */,
				84DA3B3C24C8CE5900B5E27F /* ScaleUInt32Tests.swift in Sources */,
				84F43B7025DE90EC00AEDA56 /* TransferArgs.swift in Sources */,
				841D530825C6E75300DFA15B /* TypeValuesParserTests.swift in Sources */,
				84DA3B3F24C8CE5900B5E27F /* ScaleUInt16Tests.swift in Sources */,
			);
			runOnlyForDeploymentPostprocessing = 0;
		};
/* End PBXSourcesBuildPhase section */

/* Begin PBXTargetDependency section */
		607FACE71AFB9204008FA782 /* PBXTargetDependency */ = {
			isa = PBXTargetDependency;
			target = 607FACCF1AFB9204008FA782 /* SubstrateSdkExample */;
			targetProxy = 607FACE61AFB9204008FA782 /* PBXContainerItemProxy */;
		};
/* End PBXTargetDependency section */

/* Begin PBXVariantGroup section */
		847082FB272683C6003408E8 /* LaunchScreen.xib */ = {
			isa = PBXVariantGroup;
			children = (
				847082FC272683C6003408E8 /* Base */,
			);
			name = LaunchScreen.xib;
			sourceTree = "<group>";
		};
/* End PBXVariantGroup section */

/* Begin XCBuildConfiguration section */
		607FACED1AFB9204008FA782 /* Debug */ = {
			isa = XCBuildConfiguration;
			buildSettings = {
				ALWAYS_SEARCH_USER_PATHS = NO;
				CLANG_CXX_LANGUAGE_STANDARD = "gnu++0x";
				CLANG_CXX_LIBRARY = "libc++";
				CLANG_ENABLE_MODULES = YES;
				CLANG_ENABLE_OBJC_ARC = YES;
				CLANG_WARN_BLOCK_CAPTURE_AUTORELEASING = YES;
				CLANG_WARN_BOOL_CONVERSION = YES;
				CLANG_WARN_COMMA = YES;
				CLANG_WARN_CONSTANT_CONVERSION = YES;
				CLANG_WARN_DIRECT_OBJC_ISA_USAGE = YES_ERROR;
				CLANG_WARN_EMPTY_BODY = YES;
				CLANG_WARN_ENUM_CONVERSION = YES;
				CLANG_WARN_INFINITE_RECURSION = YES;
				CLANG_WARN_INT_CONVERSION = YES;
				CLANG_WARN_NON_LITERAL_NULL_CONVERSION = YES;
				CLANG_WARN_OBJC_LITERAL_CONVERSION = YES;
				CLANG_WARN_OBJC_ROOT_CLASS = YES_ERROR;
				CLANG_WARN_RANGE_LOOP_ANALYSIS = YES;
				CLANG_WARN_STRICT_PROTOTYPES = YES;
				CLANG_WARN_SUSPICIOUS_MOVE = YES;
				CLANG_WARN_UNREACHABLE_CODE = YES;
				CLANG_WARN__DUPLICATE_METHOD_MATCH = YES;
				"CODE_SIGN_IDENTITY[sdk=iphoneos*]" = "iPhone Developer";
				COPY_PHASE_STRIP = NO;
				DEBUG_INFORMATION_FORMAT = "dwarf-with-dsym";
				ENABLE_STRICT_OBJC_MSGSEND = YES;
				ENABLE_TESTABILITY = YES;
				GCC_C_LANGUAGE_STANDARD = gnu99;
				GCC_DYNAMIC_NO_PIC = NO;
				GCC_NO_COMMON_BLOCKS = YES;
				GCC_OPTIMIZATION_LEVEL = 0;
				GCC_PREPROCESSOR_DEFINITIONS = (
					"DEBUG=1",
					"$(inherited)",
				);
				GCC_SYMBOLS_PRIVATE_EXTERN = NO;
				GCC_WARN_64_TO_32_BIT_CONVERSION = YES;
				GCC_WARN_ABOUT_RETURN_TYPE = YES_ERROR;
				GCC_WARN_UNDECLARED_SELECTOR = YES;
				GCC_WARN_UNINITIALIZED_AUTOS = YES_AGGRESSIVE;
				GCC_WARN_UNUSED_FUNCTION = YES;
				GCC_WARN_UNUSED_VARIABLE = YES;
				IPHONEOS_DEPLOYMENT_TARGET = 11;
				MTL_ENABLE_DEBUG_INFO = YES;
				ONLY_ACTIVE_ARCH = YES;
				SDKROOT = iphoneos;
				SWIFT_OPTIMIZATION_LEVEL = "-Onone";
			};
			name = Debug;
		};
		607FACEE1AFB9204008FA782 /* Release */ = {
			isa = XCBuildConfiguration;
			buildSettings = {
				ALWAYS_SEARCH_USER_PATHS = NO;
				CLANG_CXX_LANGUAGE_STANDARD = "gnu++0x";
				CLANG_CXX_LIBRARY = "libc++";
				CLANG_ENABLE_MODULES = YES;
				CLANG_ENABLE_OBJC_ARC = YES;
				CLANG_WARN_BLOCK_CAPTURE_AUTORELEASING = YES;
				CLANG_WARN_BOOL_CONVERSION = YES;
				CLANG_WARN_COMMA = YES;
				CLANG_WARN_CONSTANT_CONVERSION = YES;
				CLANG_WARN_DIRECT_OBJC_ISA_USAGE = YES_ERROR;
				CLANG_WARN_EMPTY_BODY = YES;
				CLANG_WARN_ENUM_CONVERSION = YES;
				CLANG_WARN_INFINITE_RECURSION = YES;
				CLANG_WARN_INT_CONVERSION = YES;
				CLANG_WARN_NON_LITERAL_NULL_CONVERSION = YES;
				CLANG_WARN_OBJC_LITERAL_CONVERSION = YES;
				CLANG_WARN_OBJC_ROOT_CLASS = YES_ERROR;
				CLANG_WARN_RANGE_LOOP_ANALYSIS = YES;
				CLANG_WARN_STRICT_PROTOTYPES = YES;
				CLANG_WARN_SUSPICIOUS_MOVE = YES;
				CLANG_WARN_UNREACHABLE_CODE = YES;
				CLANG_WARN__DUPLICATE_METHOD_MATCH = YES;
				"CODE_SIGN_IDENTITY[sdk=iphoneos*]" = "iPhone Developer";
				COPY_PHASE_STRIP = NO;
				DEBUG_INFORMATION_FORMAT = "dwarf-with-dsym";
				ENABLE_NS_ASSERTIONS = NO;
				ENABLE_STRICT_OBJC_MSGSEND = YES;
				GCC_C_LANGUAGE_STANDARD = gnu99;
				GCC_NO_COMMON_BLOCKS = YES;
				GCC_WARN_64_TO_32_BIT_CONVERSION = YES;
				GCC_WARN_ABOUT_RETURN_TYPE = YES_ERROR;
				GCC_WARN_UNDECLARED_SELECTOR = YES;
				GCC_WARN_UNINITIALIZED_AUTOS = YES_AGGRESSIVE;
				GCC_WARN_UNUSED_FUNCTION = YES;
				GCC_WARN_UNUSED_VARIABLE = YES;
				IPHONEOS_DEPLOYMENT_TARGET = 11;
				MTL_ENABLE_DEBUG_INFO = NO;
				SDKROOT = iphoneos;
				SWIFT_OPTIMIZATION_LEVEL = "-Owholemodule";
				VALIDATE_PRODUCT = YES;
			};
			name = Release;
		};
		607FACF01AFB9204008FA782 /* Debug */ = {
			isa = XCBuildConfiguration;
			baseConfigurationReference = F1DFAE04C5FF8ABD1496FDF5 /* Pods-SubstrateSdkExample.debug.xcconfig */;
			buildSettings = {
				ASSETCATALOG_COMPILER_APPICON_NAME = AppIcon;
				DEVELOPMENT_TEAM = YLWWUD25VZ;
				"EXCLUDED_ARCHS[sdk=iphonesimulator*]" = arm64;
				INFOPLIST_FILE = SubstrateSdk/Info.plist;
				IPHONEOS_DEPLOYMENT_TARGET = 15;
				LD_RUNPATH_SEARCH_PATHS = "$(inherited) @executable_path/Frameworks";
				MODULE_NAME = ExampleApp;
				PRODUCT_BUNDLE_IDENTIFIER = "org.cocoapods.demo.$(PRODUCT_NAME:rfc1034identifier)";
				PRODUCT_NAME = "$(TARGET_NAME)";
				SWIFT_SWIFT3_OBJC_INFERENCE = Default;
				SWIFT_VERSION = 4.0;
			};
			name = Debug;
		};
		607FACF11AFB9204008FA782 /* Release */ = {
			isa = XCBuildConfiguration;
			baseConfigurationReference = D001BA2CA89E91B69692B8CB /* Pods-SubstrateSdkExample.release.xcconfig */;
			buildSettings = {
				ASSETCATALOG_COMPILER_APPICON_NAME = AppIcon;
				DEVELOPMENT_TEAM = YLWWUD25VZ;
				"EXCLUDED_ARCHS[sdk=iphonesimulator*]" = arm64;
				INFOPLIST_FILE = SubstrateSdk/Info.plist;
				IPHONEOS_DEPLOYMENT_TARGET = 15;
				LD_RUNPATH_SEARCH_PATHS = "$(inherited) @executable_path/Frameworks";
				MODULE_NAME = ExampleApp;
				PRODUCT_BUNDLE_IDENTIFIER = "org.cocoapods.demo.$(PRODUCT_NAME:rfc1034identifier)";
				PRODUCT_NAME = "$(TARGET_NAME)";
				SWIFT_SWIFT3_OBJC_INFERENCE = Default;
				SWIFT_VERSION = 4.0;
			};
			name = Release;
		};
		607FACF31AFB9204008FA782 /* Debug */ = {
			isa = XCBuildConfiguration;
			baseConfigurationReference = 2E305CB3E5589CF7DC3BD962 /* Pods-SubstrateSdkTests.debug.xcconfig */;
			buildSettings = {
				ALWAYS_EMBED_SWIFT_STANDARD_LIBRARIES = YES;
				DEVELOPMENT_TEAM = YLWWUD25VZ;
				"EXCLUDED_ARCHS[sdk=iphonesimulator*]" = arm64;
				FRAMEWORK_SEARCH_PATHS = (
					"$(PLATFORM_DIR)/Developer/Library/Frameworks",
					"$(inherited)",
				);
				GCC_PREPROCESSOR_DEFINITIONS = (
					"DEBUG=1",
					"$(inherited)",
				);
				INFOPLIST_FILE = Tests/Info.plist;
				IPHONEOS_DEPLOYMENT_TARGET = 15;
				LD_RUNPATH_SEARCH_PATHS = "$(inherited) @executable_path/Frameworks @loader_path/Frameworks";
				PRODUCT_BUNDLE_IDENTIFIER = "org.cocoapods.$(PRODUCT_NAME:rfc1034identifier)";
				PRODUCT_NAME = "$(TARGET_NAME)";
				SWIFT_SWIFT3_OBJC_INFERENCE = Default;
				SWIFT_VERSION = 4.0;
				TEST_HOST = "$(BUILT_PRODUCTS_DIR)/SubstrateSdkExample.app/SubstrateSdkExample";
			};
			name = Debug;
		};
		607FACF41AFB9204008FA782 /* Release */ = {
			isa = XCBuildConfiguration;
			baseConfigurationReference = 3DC3C61E2550AB6A7358DB29 /* Pods-SubstrateSdkTests.release.xcconfig */;
			buildSettings = {
				ALWAYS_EMBED_SWIFT_STANDARD_LIBRARIES = YES;
				DEVELOPMENT_TEAM = YLWWUD25VZ;
				"EXCLUDED_ARCHS[sdk=iphonesimulator*]" = arm64;
				FRAMEWORK_SEARCH_PATHS = (
					"$(PLATFORM_DIR)/Developer/Library/Frameworks",
					"$(inherited)",
				);
				INFOPLIST_FILE = Tests/Info.plist;
				IPHONEOS_DEPLOYMENT_TARGET = 15;
				LD_RUNPATH_SEARCH_PATHS = "$(inherited) @executable_path/Frameworks @loader_path/Frameworks";
				PRODUCT_BUNDLE_IDENTIFIER = "org.cocoapods.$(PRODUCT_NAME:rfc1034identifier)";
				PRODUCT_NAME = "$(TARGET_NAME)";
				SWIFT_SWIFT3_OBJC_INFERENCE = Default;
				SWIFT_VERSION = 4.0;
				TEST_HOST = "$(BUILT_PRODUCTS_DIR)/SubstrateSdkExample.app/SubstrateSdkExample";
			};
			name = Release;
		};
/* End XCBuildConfiguration section */

/* Begin XCConfigurationList section */
		607FACCB1AFB9204008FA782 /* Build configuration list for PBXProject "SubstrateSdk" */ = {
			isa = XCConfigurationList;
			buildConfigurations = (
				607FACED1AFB9204008FA782 /* Debug */,
				607FACEE1AFB9204008FA782 /* Release */,
			);
			defaultConfigurationIsVisible = 0;
			defaultConfigurationName = Release;
		};
		607FACEF1AFB9204008FA782 /* Build configuration list for PBXNativeTarget "SubstrateSdkExample" */ = {
			isa = XCConfigurationList;
			buildConfigurations = (
				607FACF01AFB9204008FA782 /* Debug */,
				607FACF11AFB9204008FA782 /* Release */,
			);
			defaultConfigurationIsVisible = 0;
			defaultConfigurationName = Release;
		};
		607FACF21AFB9204008FA782 /* Build configuration list for PBXNativeTarget "SubstrateSdkTests" */ = {
			isa = XCConfigurationList;
			buildConfigurations = (
				607FACF31AFB9204008FA782 /* Debug */,
				607FACF41AFB9204008FA782 /* Release */,
			);
			defaultConfigurationIsVisible = 0;
			defaultConfigurationName = Release;
		};
/* End XCConfigurationList section */
	};
	rootObject = 607FACC81AFB9204008FA782 /* Project object */;
}
