// !$*UTF8*$!
{
	archiveVersion = 1;
	classes = {
	};
	objectVersion = 46;
	objects = {

/* Begin PBXBuildFile section */
		607FACD61AFB9204008FA782 /* AppDelegate.swift in Sources */ = {isa = PBXBuildFile; fileRef = 607FACD51AFB9204008FA782 /* AppDelegate.swift */; };
		607FACD81AFB9204008FA782 /* ViewController.swift in Sources */ = {isa = PBXBuildFile; fileRef = 607FACD71AFB9204008FA782 /* ViewController.swift */; };
		607FACDD1AFB9204008FA782 /* Images.xcassets in Resources */ = {isa = PBXBuildFile; fileRef = 607FACDC1AFB9204008FA782 /* Images.xcassets */; };
		607FACE01AFB9204008FA782 /* LaunchScreen.xib in Resources */ = {isa = PBXBuildFile; fileRef = 607FACDE1AFB9204008FA782 /* LaunchScreen.xib */; };
		841D528A25C4A11900DFA15B /* RegexParserTests.swift in Sources */ = {isa = PBXBuildFile; fileRef = 841D528925C4A11900DFA15B /* RegexParserTests.swift */; };
		841D52B425C6BAE600DFA15B /* ComponentsParserTests.swift in Sources */ = {isa = PBXBuildFile; fileRef = 841D52B325C6BAE600DFA15B /* ComponentsParserTests.swift */; };
		841D52E625C6DD1E00DFA15B /* TypeMappingParserTests.swift in Sources */ = {isa = PBXBuildFile; fileRef = 841D52E525C6DD1E00DFA15B /* TypeMappingParserTests.swift */; };
		841D52EA25C6DDF800DFA15B /* JSONHelpers.swift in Sources */ = {isa = PBXBuildFile; fileRef = 841D52E925C6DDF800DFA15B /* JSONHelpers.swift */; };
		841D530825C6E75300DFA15B /* TypeValuesParserTests.swift in Sources */ = {isa = PBXBuildFile; fileRef = 841D530725C6E75300DFA15B /* TypeValuesParserTests.swift */; };
		841D531625C6F70500DFA15B /* TypeSetParserTests.swift in Sources */ = {isa = PBXBuildFile; fileRef = 841D531525C6F70500DFA15B /* TypeSetParserTests.swift */; };
		841D532425C727FC00DFA15B /* TermParserTests.swift in Sources */ = {isa = PBXBuildFile; fileRef = 841D532325C727FC00DFA15B /* TermParserTests.swift */; };
		841D539525C7517300DFA15B /* JSONTests.swift in Sources */ = {isa = PBXBuildFile; fileRef = 841D539425C7517300DFA15B /* JSONTests.swift */; };
		8429C7FD25C432FF0086D7F6 /* TypeRegistryTests.swift in Sources */ = {isa = PBXBuildFile; fileRef = 8429C7FC25C432FF0086D7F6 /* TypeRegistryTests.swift */; };
		8429C81825C434E40086D7F6 /* default.json in Resources */ = {isa = PBXBuildFile; fileRef = 8429C80F25C434DA0086D7F6 /* default.json */; };
		8429C81D25C434E70086D7F6 /* kusama.json in Resources */ = {isa = PBXBuildFile; fileRef = 8429C80E25C434DA0086D7F6 /* kusama.json */; };
		8429C82225C434EA0086D7F6 /* polkadot.json in Resources */ = {isa = PBXBuildFile; fileRef = 8429C80D25C434DA0086D7F6 /* polkadot.json */; };
		8429C82725C434ED0086D7F6 /* westend.json in Resources */ = {isa = PBXBuildFile; fileRef = 8429C80C25C434DA0086D7F6 /* westend.json */; };
		842D1E2324C98CEA00C30A7A /* StorageKeyFactoryTests.swift in Sources */ = {isa = PBXBuildFile; fileRef = 842D1E2224C98CEA00C30A7A /* StorageKeyFactoryTests.swift */; };
		842D1E2524C9AC5D00C30A7A /* ScaleBoolOptionTests.swift in Sources */ = {isa = PBXBuildFile; fileRef = 842D1E2424C9AC5D00C30A7A /* ScaleBoolOptionTests.swift */; };
		842D1E2724C9B63300C30A7A /* ScaleOptionTests.swift in Sources */ = {isa = PBXBuildFile; fileRef = 842D1E2624C9B63300C30A7A /* ScaleOptionTests.swift */; };
		842D1E6A24CF800400C30A7A /* JunctionFactoryTests.swift in Sources */ = {isa = PBXBuildFile; fileRef = 842D1E6924CF800400C30A7A /* JunctionFactoryTests.swift */; };
		842D1E7124CFF31800C30A7A /* KeypairDeriviation.swift in Sources */ = {isa = PBXBuildFile; fileRef = 842D1E6F24CFF2FB00C30A7A /* KeypairDeriviation.swift */; };
		842D1E7324CFF4EC00C30A7A /* KeypairDeriviationTests.swift in Sources */ = {isa = PBXBuildFile; fileRef = 842D1E7224CFF4EC00C30A7A /* KeypairDeriviationTests.swift */; };
		842D1E7624D0069000C30A7A /* sr25519HDKD.json in Resources */ = {isa = PBXBuildFile; fileRef = 842D1E7524D0069000C30A7A /* sr25519HDKD.json */; };
		845D80ED24C8D91A00EC2540 /* SeedFactoryTests.swift in Sources */ = {isa = PBXBuildFile; fileRef = 845D80EC24C8D91A00EC2540 /* SeedFactoryTests.swift */; };
		8467FD1424E677C2005D486C /* ed25519HDKD.json in Resources */ = {isa = PBXBuildFile; fileRef = 8467FD1124E675D0005D486C /* ed25519HDKD.json */; };
		8467FD1524E677C6005D486C /* ecdsaHDKD.json in Resources */ = {isa = PBXBuildFile; fileRef = 8467FD1024E675D0005D486C /* ecdsaHDKD.json */; };
		8467FD2624E71A37005D486C /* IconGenerationTests.swift in Sources */ = {isa = PBXBuildFile; fileRef = 8467FD2524E71A37005D486C /* IconGenerationTests.swift */; };
		8467FD2824E72CCD005D486C /* HSLColorTests.swift in Sources */ = {isa = PBXBuildFile; fileRef = 8467FD2724E72CCD005D486C /* HSLColorTests.swift */; };
		849E0A2125C81DB500B33506 /* FixedArrayParserTests.swift in Sources */ = {isa = PBXBuildFile; fileRef = 849E0A2025C81DB500B33506 /* FixedArrayParserTests.swift */; };
		849E0A7425C9458F00B33506 /* StructNodeFactoryTests.swift in Sources */ = {isa = PBXBuildFile; fileRef = 849E0A7325C9458F00B33506 /* StructNodeFactoryTests.swift */; };
		849E0A7A25C94E3F00B33506 /* EnumMappingFactoryTests.swift in Sources */ = {isa = PBXBuildFile; fileRef = 849E0A7925C94E3F00B33506 /* EnumMappingFactoryTests.swift */; };
		849E0A7E25C95C7F00B33506 /* EnumValuesFactoryTests.swift in Sources */ = {isa = PBXBuildFile; fileRef = 849E0A7D25C95C7F00B33506 /* EnumValuesFactoryTests.swift */; };
		849E0A8225C95E2700B33506 /* NumericSetFactoryTests.swift in Sources */ = {isa = PBXBuildFile; fileRef = 849E0A8125C95E2700B33506 /* NumericSetFactoryTests.swift */; };
		84A0DE3124DBF49400F436A8 /* keystore-ed25519.json in Resources */ = {isa = PBXBuildFile; fileRef = 84A0DE2D24DBF3F300F436A8 /* keystore-ed25519.json */; };
		84A0DE3224DBF49700F436A8 /* keystore-ecdsa.json in Resources */ = {isa = PBXBuildFile; fileRef = 84A0DE2F24DBF40900F436A8 /* keystore-ecdsa.json */; };
		84CB472424DBE82C00837E11 /* KeystoreExtractorTests.swift in Sources */ = {isa = PBXBuildFile; fileRef = 84CB472324DBE82C00837E11 /* KeystoreExtractorTests.swift */; };
		84CB472524DBE98500837E11 /* keystore-sr25519.json in Resources */ = {isa = PBXBuildFile; fileRef = 84CB472024DBE7E100837E11 /* keystore-sr25519.json */; };
		84DA3B3C24C8CE5900B5E27F /* ScaleUInt32Tests.swift in Sources */ = {isa = PBXBuildFile; fileRef = 84DA3B3224C8CE5900B5E27F /* ScaleUInt32Tests.swift */; };
		84DA3B3D24C8CE5900B5E27F /* ScaleCompactIntTests.swift in Sources */ = {isa = PBXBuildFile; fileRef = 84DA3B3324C8CE5900B5E27F /* ScaleCompactIntTests.swift */; };
		84DA3B3E24C8CE5900B5E27F /* ScaleInt64Tests.swift in Sources */ = {isa = PBXBuildFile; fileRef = 84DA3B3424C8CE5900B5E27F /* ScaleInt64Tests.swift */; };
		84DA3B3F24C8CE5900B5E27F /* ScaleUInt16Tests.swift in Sources */ = {isa = PBXBuildFile; fileRef = 84DA3B3524C8CE5900B5E27F /* ScaleUInt16Tests.swift */; };
		84DA3B4024C8CE5900B5E27F /* ScaleInt8Tests.swift in Sources */ = {isa = PBXBuildFile; fileRef = 84DA3B3624C8CE5900B5E27F /* ScaleInt8Tests.swift */; };
		84DA3B4124C8CE5A00B5E27F /* ScaleInt32Tests.swift in Sources */ = {isa = PBXBuildFile; fileRef = 84DA3B3724C8CE5900B5E27F /* ScaleInt32Tests.swift */; };
		84DA3B4224C8CE5A00B5E27F /* ScaleUInt64Tests.swift in Sources */ = {isa = PBXBuildFile; fileRef = 84DA3B3824C8CE5900B5E27F /* ScaleUInt64Tests.swift */; };
		84DA3B4324C8CE5A00B5E27F /* ScaleStringTests.swift in Sources */ = {isa = PBXBuildFile; fileRef = 84DA3B3924C8CE5900B5E27F /* ScaleStringTests.swift */; };
		84DA3B4424C8CE5A00B5E27F /* ScaleInt16Tests.swift in Sources */ = {isa = PBXBuildFile; fileRef = 84DA3B3A24C8CE5900B5E27F /* ScaleInt16Tests.swift */; };
		84DA3B4524C8CE5A00B5E27F /* ScaleUInt8Tests.swift in Sources */ = {isa = PBXBuildFile; fileRef = 84DA3B3B24C8CE5900B5E27F /* ScaleUInt8Tests.swift */; };
		84ED7256254A001A006102DF /* SubstrateQREncoderTests.swift in Sources */ = {isa = PBXBuildFile; fileRef = 84ED7255254A001A006102DF /* SubstrateQREncoderTests.swift */; };
		84ED725C254A0233006102DF /* SubstrateQRDecoderTests.swift in Sources */ = {isa = PBXBuildFile; fileRef = 84ED725B254A0233006102DF /* SubstrateQRDecoderTests.swift */; };
		84F4A847254CAD73000CF0A3 /* KeystoreBuilderTests.swift in Sources */ = {isa = PBXBuildFile; fileRef = 84F4A846254CAD73000CF0A3 /* KeystoreBuilderTests.swift */; };
		A0FDCFB5B61F738FEE34A5E6 /* Pods_FearlessUtils_Tests.framework in Frameworks */ = {isa = PBXBuildFile; fileRef = 16D2E77D7010BEBF43DFE08E /* Pods_FearlessUtils_Tests.framework */; };
		B2BF1BE136637C8404B79450 /* Pods_FearlessUtils_Example.framework in Frameworks */ = {isa = PBXBuildFile; fileRef = B9A63E44DBCDCE738F798358 /* Pods_FearlessUtils_Example.framework */; };
/* End PBXBuildFile section */

/* Begin PBXContainerItemProxy section */
		607FACE61AFB9204008FA782 /* PBXContainerItemProxy */ = {
			isa = PBXContainerItemProxy;
			containerPortal = 607FACC81AFB9204008FA782 /* Project object */;
			proxyType = 1;
			remoteGlobalIDString = 607FACCF1AFB9204008FA782;
			remoteInfo = FearlessUtils;
		};
/* End PBXContainerItemProxy section */

/* Begin PBXFileReference section */
		16D2E77D7010BEBF43DFE08E /* Pods_FearlessUtils_Tests.framework */ = {isa = PBXFileReference; explicitFileType = wrapper.framework; includeInIndex = 0; path = Pods_FearlessUtils_Tests.framework; sourceTree = BUILT_PRODUCTS_DIR; };
		60654FCEF77A2B707A129454 /* README.md */ = {isa = PBXFileReference; includeInIndex = 1; lastKnownFileType = net.daringfireball.markdown; name = README.md; path = ../README.md; sourceTree = "<group>"; };
		607FACD01AFB9204008FA782 /* FearlessUtils_Example.app */ = {isa = PBXFileReference; explicitFileType = wrapper.application; includeInIndex = 0; path = FearlessUtils_Example.app; sourceTree = BUILT_PRODUCTS_DIR; };
		607FACD41AFB9204008FA782 /* Info.plist */ = {isa = PBXFileReference; lastKnownFileType = text.plist.xml; path = Info.plist; sourceTree = "<group>"; };
		607FACD51AFB9204008FA782 /* AppDelegate.swift */ = {isa = PBXFileReference; lastKnownFileType = sourcecode.swift; path = AppDelegate.swift; sourceTree = "<group>"; };
		607FACD71AFB9204008FA782 /* ViewController.swift */ = {isa = PBXFileReference; lastKnownFileType = sourcecode.swift; path = ViewController.swift; sourceTree = "<group>"; };
		607FACDC1AFB9204008FA782 /* Images.xcassets */ = {isa = PBXFileReference; lastKnownFileType = folder.assetcatalog; path = Images.xcassets; sourceTree = "<group>"; };
		607FACDF1AFB9204008FA782 /* Base */ = {isa = PBXFileReference; lastKnownFileType = file.xib; name = Base; path = Base.lproj/LaunchScreen.xib; sourceTree = "<group>"; };
		607FACE51AFB9204008FA782 /* FearlessUtils_Tests.xctest */ = {isa = PBXFileReference; explicitFileType = wrapper.cfbundle; includeInIndex = 0; path = FearlessUtils_Tests.xctest; sourceTree = BUILT_PRODUCTS_DIR; };
		7BCE5EB68B0A48835979E64A /* Pods-FearlessUtils_Tests.debug.xcconfig */ = {isa = PBXFileReference; includeInIndex = 1; lastKnownFileType = text.xcconfig; name = "Pods-FearlessUtils_Tests.debug.xcconfig"; path = "Target Support Files/Pods-FearlessUtils_Tests/Pods-FearlessUtils_Tests.debug.xcconfig"; sourceTree = "<group>"; };
		841D528925C4A11900DFA15B /* RegexParserTests.swift */ = {isa = PBXFileReference; lastKnownFileType = sourcecode.swift; path = RegexParserTests.swift; sourceTree = "<group>"; };
		841D52B325C6BAE600DFA15B /* ComponentsParserTests.swift */ = {isa = PBXFileReference; lastKnownFileType = sourcecode.swift; path = ComponentsParserTests.swift; sourceTree = "<group>"; };
		841D52E525C6DD1E00DFA15B /* TypeMappingParserTests.swift */ = {isa = PBXFileReference; lastKnownFileType = sourcecode.swift; path = TypeMappingParserTests.swift; sourceTree = "<group>"; };
		841D52E925C6DDF800DFA15B /* JSONHelpers.swift */ = {isa = PBXFileReference; lastKnownFileType = sourcecode.swift; path = JSONHelpers.swift; sourceTree = "<group>"; };
		841D530725C6E75300DFA15B /* TypeValuesParserTests.swift */ = {isa = PBXFileReference; lastKnownFileType = sourcecode.swift; path = TypeValuesParserTests.swift; sourceTree = "<group>"; };
		841D531525C6F70500DFA15B /* TypeSetParserTests.swift */ = {isa = PBXFileReference; lastKnownFileType = sourcecode.swift; path = TypeSetParserTests.swift; sourceTree = "<group>"; };
		841D532325C727FC00DFA15B /* TermParserTests.swift */ = {isa = PBXFileReference; lastKnownFileType = sourcecode.swift; path = TermParserTests.swift; sourceTree = "<group>"; };
		841D539425C7517300DFA15B /* JSONTests.swift */ = {isa = PBXFileReference; lastKnownFileType = sourcecode.swift; path = JSONTests.swift; sourceTree = "<group>"; };
		8429C7FC25C432FF0086D7F6 /* TypeRegistryTests.swift */ = {isa = PBXFileReference; lastKnownFileType = sourcecode.swift; path = TypeRegistryTests.swift; sourceTree = "<group>"; };
		8429C80C25C434DA0086D7F6 /* westend.json */ = {isa = PBXFileReference; fileEncoding = 4; lastKnownFileType = text.json; path = westend.json; sourceTree = "<group>"; };
		8429C80D25C434DA0086D7F6 /* polkadot.json */ = {isa = PBXFileReference; fileEncoding = 4; lastKnownFileType = text.json; path = polkadot.json; sourceTree = "<group>"; };
		8429C80E25C434DA0086D7F6 /* kusama.json */ = {isa = PBXFileReference; fileEncoding = 4; lastKnownFileType = text.json; path = kusama.json; sourceTree = "<group>"; };
		8429C80F25C434DA0086D7F6 /* default.json */ = {isa = PBXFileReference; fileEncoding = 4; lastKnownFileType = text.json; path = default.json; sourceTree = "<group>"; };
		842D1E2224C98CEA00C30A7A /* StorageKeyFactoryTests.swift */ = {isa = PBXFileReference; lastKnownFileType = sourcecode.swift; path = StorageKeyFactoryTests.swift; sourceTree = "<group>"; };
		842D1E2424C9AC5D00C30A7A /* ScaleBoolOptionTests.swift */ = {isa = PBXFileReference; lastKnownFileType = sourcecode.swift; path = ScaleBoolOptionTests.swift; sourceTree = "<group>"; };
		842D1E2624C9B63300C30A7A /* ScaleOptionTests.swift */ = {isa = PBXFileReference; lastKnownFileType = sourcecode.swift; path = ScaleOptionTests.swift; sourceTree = "<group>"; };
		842D1E6924CF800400C30A7A /* JunctionFactoryTests.swift */ = {isa = PBXFileReference; lastKnownFileType = sourcecode.swift; path = JunctionFactoryTests.swift; sourceTree = "<group>"; };
		842D1E6F24CFF2FB00C30A7A /* KeypairDeriviation.swift */ = {isa = PBXFileReference; lastKnownFileType = sourcecode.swift; path = KeypairDeriviation.swift; sourceTree = "<group>"; };
		842D1E7224CFF4EC00C30A7A /* KeypairDeriviationTests.swift */ = {isa = PBXFileReference; lastKnownFileType = sourcecode.swift; path = KeypairDeriviationTests.swift; sourceTree = "<group>"; };
		842D1E7524D0069000C30A7A /* sr25519HDKD.json */ = {isa = PBXFileReference; lastKnownFileType = text.json; path = sr25519HDKD.json; sourceTree = "<group>"; };
		845D80EC24C8D91A00EC2540 /* SeedFactoryTests.swift */ = {isa = PBXFileReference; lastKnownFileType = sourcecode.swift; path = SeedFactoryTests.swift; sourceTree = "<group>"; };
		8467FD1024E675D0005D486C /* ecdsaHDKD.json */ = {isa = PBXFileReference; fileEncoding = 4; lastKnownFileType = text.json; path = ecdsaHDKD.json; sourceTree = "<group>"; };
		8467FD1124E675D0005D486C /* ed25519HDKD.json */ = {isa = PBXFileReference; fileEncoding = 4; lastKnownFileType = text.json; path = ed25519HDKD.json; sourceTree = "<group>"; };
		8467FD2524E71A37005D486C /* IconGenerationTests.swift */ = {isa = PBXFileReference; lastKnownFileType = sourcecode.swift; path = IconGenerationTests.swift; sourceTree = "<group>"; };
		8467FD2724E72CCD005D486C /* HSLColorTests.swift */ = {isa = PBXFileReference; lastKnownFileType = sourcecode.swift; path = HSLColorTests.swift; sourceTree = "<group>"; };
		849E0A2025C81DB500B33506 /* FixedArrayParserTests.swift */ = {isa = PBXFileReference; lastKnownFileType = sourcecode.swift; path = FixedArrayParserTests.swift; sourceTree = "<group>"; };
		849E0A7325C9458F00B33506 /* StructNodeFactoryTests.swift */ = {isa = PBXFileReference; lastKnownFileType = sourcecode.swift; path = StructNodeFactoryTests.swift; sourceTree = "<group>"; };
		849E0A7925C94E3F00B33506 /* EnumMappingFactoryTests.swift */ = {isa = PBXFileReference; lastKnownFileType = sourcecode.swift; path = EnumMappingFactoryTests.swift; sourceTree = "<group>"; };
		849E0A7D25C95C7F00B33506 /* EnumValuesFactoryTests.swift */ = {isa = PBXFileReference; lastKnownFileType = sourcecode.swift; path = EnumValuesFactoryTests.swift; sourceTree = "<group>"; };
		849E0A8125C95E2700B33506 /* NumericSetFactoryTests.swift */ = {isa = PBXFileReference; lastKnownFileType = sourcecode.swift; path = NumericSetFactoryTests.swift; sourceTree = "<group>"; };
		84A0DE2D24DBF3F300F436A8 /* keystore-ed25519.json */ = {isa = PBXFileReference; lastKnownFileType = text.json; path = "keystore-ed25519.json"; sourceTree = "<group>"; };
		84A0DE2F24DBF40900F436A8 /* keystore-ecdsa.json */ = {isa = PBXFileReference; lastKnownFileType = text.json; path = "keystore-ecdsa.json"; sourceTree = "<group>"; };
		84CB472024DBE7E100837E11 /* keystore-sr25519.json */ = {isa = PBXFileReference; lastKnownFileType = text.json; path = "keystore-sr25519.json"; sourceTree = "<group>"; };
		84CB472324DBE82C00837E11 /* KeystoreExtractorTests.swift */ = {isa = PBXFileReference; lastKnownFileType = sourcecode.swift; path = KeystoreExtractorTests.swift; sourceTree = "<group>"; };
		84DA3B3224C8CE5900B5E27F /* ScaleUInt32Tests.swift */ = {isa = PBXFileReference; fileEncoding = 4; lastKnownFileType = sourcecode.swift; path = ScaleUInt32Tests.swift; sourceTree = "<group>"; };
		84DA3B3324C8CE5900B5E27F /* ScaleCompactIntTests.swift */ = {isa = PBXFileReference; fileEncoding = 4; lastKnownFileType = sourcecode.swift; path = ScaleCompactIntTests.swift; sourceTree = "<group>"; };
		84DA3B3424C8CE5900B5E27F /* ScaleInt64Tests.swift */ = {isa = PBXFileReference; fileEncoding = 4; lastKnownFileType = sourcecode.swift; path = ScaleInt64Tests.swift; sourceTree = "<group>"; };
		84DA3B3524C8CE5900B5E27F /* ScaleUInt16Tests.swift */ = {isa = PBXFileReference; fileEncoding = 4; lastKnownFileType = sourcecode.swift; path = ScaleUInt16Tests.swift; sourceTree = "<group>"; };
		84DA3B3624C8CE5900B5E27F /* ScaleInt8Tests.swift */ = {isa = PBXFileReference; fileEncoding = 4; lastKnownFileType = sourcecode.swift; path = ScaleInt8Tests.swift; sourceTree = "<group>"; };
		84DA3B3724C8CE5900B5E27F /* ScaleInt32Tests.swift */ = {isa = PBXFileReference; fileEncoding = 4; lastKnownFileType = sourcecode.swift; path = ScaleInt32Tests.swift; sourceTree = "<group>"; };
		84DA3B3824C8CE5900B5E27F /* ScaleUInt64Tests.swift */ = {isa = PBXFileReference; fileEncoding = 4; lastKnownFileType = sourcecode.swift; path = ScaleUInt64Tests.swift; sourceTree = "<group>"; };
		84DA3B3924C8CE5900B5E27F /* ScaleStringTests.swift */ = {isa = PBXFileReference; fileEncoding = 4; lastKnownFileType = sourcecode.swift; path = ScaleStringTests.swift; sourceTree = "<group>"; };
		84DA3B3A24C8CE5900B5E27F /* ScaleInt16Tests.swift */ = {isa = PBXFileReference; fileEncoding = 4; lastKnownFileType = sourcecode.swift; path = ScaleInt16Tests.swift; sourceTree = "<group>"; };
		84DA3B3B24C8CE5900B5E27F /* ScaleUInt8Tests.swift */ = {isa = PBXFileReference; fileEncoding = 4; lastKnownFileType = sourcecode.swift; path = ScaleUInt8Tests.swift; sourceTree = "<group>"; };
		84DA3B4824C8CEEF00B5E27F /* Info.plist */ = {isa = PBXFileReference; lastKnownFileType = text.plist; name = Info.plist; path = Tests/Info.plist; sourceTree = SOURCE_ROOT; };
		84ED7255254A001A006102DF /* SubstrateQREncoderTests.swift */ = {isa = PBXFileReference; lastKnownFileType = sourcecode.swift; path = SubstrateQREncoderTests.swift; sourceTree = "<group>"; };
		84ED725B254A0233006102DF /* SubstrateQRDecoderTests.swift */ = {isa = PBXFileReference; lastKnownFileType = sourcecode.swift; path = SubstrateQRDecoderTests.swift; sourceTree = "<group>"; };
		84F4A846254CAD73000CF0A3 /* KeystoreBuilderTests.swift */ = {isa = PBXFileReference; lastKnownFileType = sourcecode.swift; path = KeystoreBuilderTests.swift; sourceTree = "<group>"; };
		93F24F5EEC204E4B0F918C39 /* Pods-FearlessUtils_Example.debug.xcconfig */ = {isa = PBXFileReference; includeInIndex = 1; lastKnownFileType = text.xcconfig; name = "Pods-FearlessUtils_Example.debug.xcconfig"; path = "Target Support Files/Pods-FearlessUtils_Example/Pods-FearlessUtils_Example.debug.xcconfig"; sourceTree = "<group>"; };
		B82F3EE26AAEE44C6E7F9962 /* Pods-FearlessUtils_Tests.release.xcconfig */ = {isa = PBXFileReference; includeInIndex = 1; lastKnownFileType = text.xcconfig; name = "Pods-FearlessUtils_Tests.release.xcconfig"; path = "Target Support Files/Pods-FearlessUtils_Tests/Pods-FearlessUtils_Tests.release.xcconfig"; sourceTree = "<group>"; };
		B9A63E44DBCDCE738F798358 /* Pods_FearlessUtils_Example.framework */ = {isa = PBXFileReference; explicitFileType = wrapper.framework; includeInIndex = 0; path = Pods_FearlessUtils_Example.framework; sourceTree = BUILT_PRODUCTS_DIR; };
		C0EC4D272FE196149F4492DE /* Pods-FearlessUtils_Example.release.xcconfig */ = {isa = PBXFileReference; includeInIndex = 1; lastKnownFileType = text.xcconfig; name = "Pods-FearlessUtils_Example.release.xcconfig"; path = "Target Support Files/Pods-FearlessUtils_Example/Pods-FearlessUtils_Example.release.xcconfig"; sourceTree = "<group>"; };
		C16B9A0A217A972DC441B811 /* FearlessUtils.podspec */ = {isa = PBXFileReference; includeInIndex = 1; lastKnownFileType = text; name = FearlessUtils.podspec; path = ../FearlessUtils.podspec; sourceTree = "<group>"; xcLanguageSpecificationIdentifier = xcode.lang.ruby; };
		DBD8662893B1E1373B778CC2 /* LICENSE */ = {isa = PBXFileReference; includeInIndex = 1; lastKnownFileType = text; name = LICENSE; path = ../LICENSE; sourceTree = "<group>"; };
/* End PBXFileReference section */

/* Begin PBXFrameworksBuildPhase section */
		607FACCD1AFB9204008FA782 /* Frameworks */ = {
			isa = PBXFrameworksBuildPhase;
			buildActionMask = 2147483647;
			files = (
				B2BF1BE136637C8404B79450 /* Pods_FearlessUtils_Example.framework in Frameworks */,
			);
			runOnlyForDeploymentPostprocessing = 0;
		};
		607FACE21AFB9204008FA782 /* Frameworks */ = {
			isa = PBXFrameworksBuildPhase;
			buildActionMask = 2147483647;
			files = (
				A0FDCFB5B61F738FEE34A5E6 /* Pods_FearlessUtils_Tests.framework in Frameworks */,
			);
			runOnlyForDeploymentPostprocessing = 0;
		};
/* End PBXFrameworksBuildPhase section */

/* Begin PBXGroup section */
		607FACC71AFB9204008FA782 = {
			isa = PBXGroup;
			children = (
				607FACF51AFB993E008FA782 /* Podspec Metadata */,
				607FACD21AFB9204008FA782 /* Example for FearlessUtils */,
				84DA3B3024C8CE5900B5E27F /* Tests */,
				607FACD11AFB9204008FA782 /* Products */,
				A78EB2A0158FDFCA62F39CAC /* Pods */,
				B71F45E77B6AE967E2E06378 /* Frameworks */,
			);
			sourceTree = "<group>";
		};
		607FACD11AFB9204008FA782 /* Products */ = {
			isa = PBXGroup;
			children = (
				607FACD01AFB9204008FA782 /* FearlessUtils_Example.app */,
				607FACE51AFB9204008FA782 /* FearlessUtils_Tests.xctest */,
			);
			name = Products;
			sourceTree = "<group>";
		};
		607FACD21AFB9204008FA782 /* Example for FearlessUtils */ = {
			isa = PBXGroup;
			children = (
				607FACD51AFB9204008FA782 /* AppDelegate.swift */,
				607FACD71AFB9204008FA782 /* ViewController.swift */,
				607FACDC1AFB9204008FA782 /* Images.xcassets */,
				607FACDE1AFB9204008FA782 /* LaunchScreen.xib */,
				607FACD31AFB9204008FA782 /* Supporting Files */,
			);
			name = "Example for FearlessUtils";
			path = FearlessUtils;
			sourceTree = "<group>";
		};
		607FACD31AFB9204008FA782 /* Supporting Files */ = {
			isa = PBXGroup;
			children = (
				607FACD41AFB9204008FA782 /* Info.plist */,
			);
			name = "Supporting Files";
			sourceTree = "<group>";
		};
		607FACF51AFB993E008FA782 /* Podspec Metadata */ = {
			isa = PBXGroup;
			children = (
				C16B9A0A217A972DC441B811 /* FearlessUtils.podspec */,
				60654FCEF77A2B707A129454 /* README.md */,
				DBD8662893B1E1373B778CC2 /* LICENSE */,
			);
			name = "Podspec Metadata";
			sourceTree = "<group>";
		};
		841D527E25C49AD900DFA15B /* Parser */ = {
			isa = PBXGroup;
			children = (
				841D528925C4A11900DFA15B /* RegexParserTests.swift */,
				841D52B325C6BAE600DFA15B /* ComponentsParserTests.swift */,
				841D52E525C6DD1E00DFA15B /* TypeMappingParserTests.swift */,
				841D530725C6E75300DFA15B /* TypeValuesParserTests.swift */,
				841D531525C6F70500DFA15B /* TypeSetParserTests.swift */,
				841D532325C727FC00DFA15B /* TermParserTests.swift */,
				849E0A2025C81DB500B33506 /* FixedArrayParserTests.swift */,
			);
			path = Parser;
			sourceTree = "<group>";
		};
		841D539325C7516600DFA15B /* JSON */ = {
			isa = PBXGroup;
			children = (
				841D539425C7517300DFA15B /* JSONTests.swift */,
			);
			path = JSON;
			sourceTree = "<group>";
		};
		8429C7FA25C432CC0086D7F6 /* Runtime */ = {
			isa = PBXGroup;
			children = (
				849E0A7225C9455600B33506 /* NodeFactory */,
				841D527E25C49AD900DFA15B /* Parser */,
				8429C7FC25C432FF0086D7F6 /* TypeRegistryTests.swift */,
			);
			path = Runtime;
			sourceTree = "<group>";
		};
		8429C7FB25C432DA0086D7F6 /* Runtime */ = {
			isa = PBXGroup;
			children = (
				8429C80F25C434DA0086D7F6 /* default.json */,
				8429C80E25C434DA0086D7F6 /* kusama.json */,
				8429C80D25C434DA0086D7F6 /* polkadot.json */,
				8429C80C25C434DA0086D7F6 /* westend.json */,
			);
			path = Runtime;
			sourceTree = "<group>";
		};
		842D1E6824CF7FC500C30A7A /* Crypto */ = {
			isa = PBXGroup;
			children = (
				845D80EC24C8D91A00EC2540 /* SeedFactoryTests.swift */,
				842D1E6924CF800400C30A7A /* JunctionFactoryTests.swift */,
				842D1E7224CFF4EC00C30A7A /* KeypairDeriviationTests.swift */,
			);
			path = Crypto;
			sourceTree = "<group>";
		};
		842D1E6E24CFF2DC00C30A7A /* Helpers */ = {
			isa = PBXGroup;
			children = (
				842D1E6F24CFF2FB00C30A7A /* KeypairDeriviation.swift */,
				841D52E925C6DDF800DFA15B /* JSONHelpers.swift */,
			);
			path = Helpers;
			sourceTree = "<group>";
		};
		842D1E7424D0066100C30A7A /* Resources */ = {
			isa = PBXGroup;
			children = (
				8429C7FB25C432DA0086D7F6 /* Runtime */,
				8467FD1124E675D0005D486C /* ed25519HDKD.json */,
				8467FD1024E675D0005D486C /* ecdsaHDKD.json */,
				84CB471F24DBE7BD00837E11 /* Keystore */,
				842D1E7524D0069000C30A7A /* sr25519HDKD.json */,
			);
			path = Resources;
			sourceTree = "<group>";
		};
		845D80EB24C8D8F500EC2540 /* Common */ = {
			isa = PBXGroup;
			children = (
				842D1E2224C98CEA00C30A7A /* StorageKeyFactoryTests.swift */,
				8467FD2724E72CCD005D486C /* HSLColorTests.swift */,
			);
			path = Common;
			sourceTree = "<group>";
		};
		8467FD2324E71A0E005D486C /* Icon */ = {
			isa = PBXGroup;
			children = (
				8467FD2524E71A37005D486C /* IconGenerationTests.swift */,
			);
			path = Icon;
			sourceTree = "<group>";
		};
		849E0A7225C9455600B33506 /* NodeFactory */ = {
			isa = PBXGroup;
			children = (
				849E0A7325C9458F00B33506 /* StructNodeFactoryTests.swift */,
				849E0A7925C94E3F00B33506 /* EnumMappingFactoryTests.swift */,
				849E0A7D25C95C7F00B33506 /* EnumValuesFactoryTests.swift */,
				849E0A8125C95E2700B33506 /* NumericSetFactoryTests.swift */,
			);
			path = NodeFactory;
			sourceTree = "<group>";
		};
		84CB471F24DBE7BD00837E11 /* Keystore */ = {
			isa = PBXGroup;
			children = (
				84CB472024DBE7E100837E11 /* keystore-sr25519.json */,
				84A0DE2D24DBF3F300F436A8 /* keystore-ed25519.json */,
				84A0DE2F24DBF40900F436A8 /* keystore-ecdsa.json */,
			);
			path = Keystore;
			sourceTree = "<group>";
		};
		84CB472224DBE81100837E11 /* Keystore */ = {
			isa = PBXGroup;
			children = (
				84CB472324DBE82C00837E11 /* KeystoreExtractorTests.swift */,
				84F4A846254CAD73000CF0A3 /* KeystoreBuilderTests.swift */,
			);
			path = Keystore;
			sourceTree = "<group>";
		};
		84DA3B3024C8CE5900B5E27F /* Tests */ = {
			isa = PBXGroup;
			children = (
				841D539325C7516600DFA15B /* JSON */,
				8429C7FA25C432CC0086D7F6 /* Runtime */,
				84ED7254254A0006006102DF /* QR */,
				8467FD2324E71A0E005D486C /* Icon */,
				84CB472224DBE81100837E11 /* Keystore */,
				842D1E7424D0066100C30A7A /* Resources */,
				842D1E6E24CFF2DC00C30A7A /* Helpers */,
				842D1E6824CF7FC500C30A7A /* Crypto */,
				845D80EB24C8D8F500EC2540 /* Common */,
				84DA3B4824C8CEEF00B5E27F /* Info.plist */,
				84DA3B3124C8CE5900B5E27F /* Scale */,
			);
			name = Tests;
			path = ../Tests;
			sourceTree = "<group>";
		};
		84DA3B3124C8CE5900B5E27F /* Scale */ = {
			isa = PBXGroup;
			children = (
				84DA3B3224C8CE5900B5E27F /* ScaleUInt32Tests.swift */,
				84DA3B3324C8CE5900B5E27F /* ScaleCompactIntTests.swift */,
				84DA3B3424C8CE5900B5E27F /* ScaleInt64Tests.swift */,
				84DA3B3524C8CE5900B5E27F /* ScaleUInt16Tests.swift */,
				84DA3B3624C8CE5900B5E27F /* ScaleInt8Tests.swift */,
				84DA3B3724C8CE5900B5E27F /* ScaleInt32Tests.swift */,
				84DA3B3824C8CE5900B5E27F /* ScaleUInt64Tests.swift */,
				84DA3B3924C8CE5900B5E27F /* ScaleStringTests.swift */,
				84DA3B3A24C8CE5900B5E27F /* ScaleInt16Tests.swift */,
				84DA3B3B24C8CE5900B5E27F /* ScaleUInt8Tests.swift */,
				842D1E2424C9AC5D00C30A7A /* ScaleBoolOptionTests.swift */,
				842D1E2624C9B63300C30A7A /* ScaleOptionTests.swift */,
			);
			path = Scale;
			sourceTree = "<group>";
		};
		84ED7254254A0006006102DF /* QR */ = {
			isa = PBXGroup;
			children = (
				84ED7255254A001A006102DF /* SubstrateQREncoderTests.swift */,
				84ED725B254A0233006102DF /* SubstrateQRDecoderTests.swift */,
			);
			path = QR;
			sourceTree = "<group>";
		};
		A78EB2A0158FDFCA62F39CAC /* Pods */ = {
			isa = PBXGroup;
			children = (
				93F24F5EEC204E4B0F918C39 /* Pods-FearlessUtils_Example.debug.xcconfig */,
				C0EC4D272FE196149F4492DE /* Pods-FearlessUtils_Example.release.xcconfig */,
				7BCE5EB68B0A48835979E64A /* Pods-FearlessUtils_Tests.debug.xcconfig */,
				B82F3EE26AAEE44C6E7F9962 /* Pods-FearlessUtils_Tests.release.xcconfig */,
			);
			path = Pods;
			sourceTree = "<group>";
		};
		B71F45E77B6AE967E2E06378 /* Frameworks */ = {
			isa = PBXGroup;
			children = (
				B9A63E44DBCDCE738F798358 /* Pods_FearlessUtils_Example.framework */,
				16D2E77D7010BEBF43DFE08E /* Pods_FearlessUtils_Tests.framework */,
			);
			name = Frameworks;
			sourceTree = "<group>";
		};
/* End PBXGroup section */

/* Begin PBXNativeTarget section */
		607FACCF1AFB9204008FA782 /* FearlessUtils_Example */ = {
			isa = PBXNativeTarget;
			buildConfigurationList = 607FACEF1AFB9204008FA782 /* Build configuration list for PBXNativeTarget "FearlessUtils_Example" */;
			buildPhases = (
				5B7519DB1E5F7DC9DB9F9479 /* [CP] Check Pods Manifest.lock */,
				607FACCC1AFB9204008FA782 /* Sources */,
				607FACCD1AFB9204008FA782 /* Frameworks */,
				607FACCE1AFB9204008FA782 /* Resources */,
				4F85E8298F9C17DBC3D2C2FB /* [CP] Embed Pods Frameworks */,
			);
			buildRules = (
			);
			dependencies = (
			);
			name = FearlessUtils_Example;
			productName = FearlessUtils;
			productReference = 607FACD01AFB9204008FA782 /* FearlessUtils_Example.app */;
			productType = "com.apple.product-type.application";
		};
		607FACE41AFB9204008FA782 /* FearlessUtils_Tests */ = {
			isa = PBXNativeTarget;
			buildConfigurationList = 607FACF21AFB9204008FA782 /* Build configuration list for PBXNativeTarget "FearlessUtils_Tests" */;
			buildPhases = (
				DDE3847F201A901C43F2CDDD /* [CP] Check Pods Manifest.lock */,
				607FACE11AFB9204008FA782 /* Sources */,
				607FACE21AFB9204008FA782 /* Frameworks */,
				607FACE31AFB9204008FA782 /* Resources */,
			);
			buildRules = (
			);
			dependencies = (
				607FACE71AFB9204008FA782 /* PBXTargetDependency */,
			);
			name = FearlessUtils_Tests;
			productName = Tests;
			productReference = 607FACE51AFB9204008FA782 /* FearlessUtils_Tests.xctest */;
			productType = "com.apple.product-type.bundle.unit-test";
		};
/* End PBXNativeTarget section */

/* Begin PBXProject section */
		607FACC81AFB9204008FA782 /* Project object */ = {
			isa = PBXProject;
			attributes = {
				LastSwiftUpdateCheck = 0830;
				LastUpgradeCheck = 0830;
				ORGANIZATIONNAME = CocoaPods;
				TargetAttributes = {
					607FACCF1AFB9204008FA782 = {
						CreatedOnToolsVersion = 6.3.1;
						DevelopmentTeam = YLWWUD25VZ;
						LastSwiftMigration = 0900;
					};
					607FACE41AFB9204008FA782 = {
						CreatedOnToolsVersion = 6.3.1;
						DevelopmentTeam = YLWWUD25VZ;
						LastSwiftMigration = 0900;
						TestTargetID = 607FACCF1AFB9204008FA782;
					};
				};
			};
			buildConfigurationList = 607FACCB1AFB9204008FA782 /* Build configuration list for PBXProject "FearlessUtils" */;
			compatibilityVersion = "Xcode 3.2";
			developmentRegion = English;
			hasScannedForEncodings = 0;
			knownRegions = (
				English,
				en,
				Base,
			);
			mainGroup = 607FACC71AFB9204008FA782;
			productRefGroup = 607FACD11AFB9204008FA782 /* Products */;
			projectDirPath = "";
			projectRoot = "";
			targets = (
				607FACCF1AFB9204008FA782 /* FearlessUtils_Example */,
				607FACE41AFB9204008FA782 /* FearlessUtils_Tests */,
			);
		};
/* End PBXProject section */

/* Begin PBXResourcesBuildPhase section */
		607FACCE1AFB9204008FA782 /* Resources */ = {
			isa = PBXResourcesBuildPhase;
			buildActionMask = 2147483647;
			files = (
				607FACE01AFB9204008FA782 /* LaunchScreen.xib in Resources */,
				607FACDD1AFB9204008FA782 /* Images.xcassets in Resources */,
			);
			runOnlyForDeploymentPostprocessing = 0;
		};
		607FACE31AFB9204008FA782 /* Resources */ = {
			isa = PBXResourcesBuildPhase;
			buildActionMask = 2147483647;
			files = (
				8467FD1424E677C2005D486C /* ed25519HDKD.json in Resources */,
				842D1E7624D0069000C30A7A /* sr25519HDKD.json in Resources */,
				8429C81825C434E40086D7F6 /* default.json in Resources */,
				8467FD1524E677C6005D486C /* ecdsaHDKD.json in Resources */,
				8429C82725C434ED0086D7F6 /* westend.json in Resources */,
				84A0DE3124DBF49400F436A8 /* keystore-ed25519.json in Resources */,
				8429C81D25C434E70086D7F6 /* kusama.json in Resources */,
				84A0DE3224DBF49700F436A8 /* keystore-ecdsa.json in Resources */,
				84CB472524DBE98500837E11 /* keystore-sr25519.json in Resources */,
				8429C82225C434EA0086D7F6 /* polkadot.json in Resources */,
			);
			runOnlyForDeploymentPostprocessing = 0;
		};
/* End PBXResourcesBuildPhase section */

/* Begin PBXShellScriptBuildPhase section */
		4F85E8298F9C17DBC3D2C2FB /* [CP] Embed Pods Frameworks */ = {
			isa = PBXShellScriptBuildPhase;
			buildActionMask = 2147483647;
			files = (
			);
			inputPaths = (
				"${PODS_ROOT}/Target Support Files/Pods-FearlessUtils_Example/Pods-FearlessUtils_Example-frameworks.sh",
				"${BUILT_PRODUCTS_DIR}/BigInt/BigInt.framework",
				"${BUILT_PRODUCTS_DIR}/FearlessUtils/FearlessUtils.framework",
				"${BUILT_PRODUCTS_DIR}/IrohaCrypto/IrohaCrypto.framework",
				"${BUILT_PRODUCTS_DIR}/TweetNacl/TweetNacl.framework",
				"${BUILT_PRODUCTS_DIR}/scrypt.c/scrypt.framework",
				"${BUILT_PRODUCTS_DIR}/xxHash-Swift/xxHash_Swift.framework",
			);
			name = "[CP] Embed Pods Frameworks";
			outputPaths = (
				"${TARGET_BUILD_DIR}/${FRAMEWORKS_FOLDER_PATH}/BigInt.framework",
				"${TARGET_BUILD_DIR}/${FRAMEWORKS_FOLDER_PATH}/FearlessUtils.framework",
				"${TARGET_BUILD_DIR}/${FRAMEWORKS_FOLDER_PATH}/IrohaCrypto.framework",
				"${TARGET_BUILD_DIR}/${FRAMEWORKS_FOLDER_PATH}/TweetNacl.framework",
				"${TARGET_BUILD_DIR}/${FRAMEWORKS_FOLDER_PATH}/scrypt.framework",
				"${TARGET_BUILD_DIR}/${FRAMEWORKS_FOLDER_PATH}/xxHash_Swift.framework",
			);
			runOnlyForDeploymentPostprocessing = 0;
			shellPath = /bin/sh;
			shellScript = "\"${PODS_ROOT}/Target Support Files/Pods-FearlessUtils_Example/Pods-FearlessUtils_Example-frameworks.sh\"\n";
			showEnvVarsInLog = 0;
		};
		5B7519DB1E5F7DC9DB9F9479 /* [CP] Check Pods Manifest.lock */ = {
			isa = PBXShellScriptBuildPhase;
			buildActionMask = 2147483647;
			files = (
			);
			inputFileListPaths = (
			);
			inputPaths = (
				"${PODS_PODFILE_DIR_PATH}/Podfile.lock",
				"${PODS_ROOT}/Manifest.lock",
			);
			name = "[CP] Check Pods Manifest.lock";
			outputFileListPaths = (
			);
			outputPaths = (
				"$(DERIVED_FILE_DIR)/Pods-FearlessUtils_Example-checkManifestLockResult.txt",
			);
			runOnlyForDeploymentPostprocessing = 0;
			shellPath = /bin/sh;
			shellScript = "diff \"${PODS_PODFILE_DIR_PATH}/Podfile.lock\" \"${PODS_ROOT}/Manifest.lock\" > /dev/null\nif [ $? != 0 ] ; then\n    # print error to STDERR\n    echo \"error: The sandbox is not in sync with the Podfile.lock. Run 'pod install' or update your CocoaPods installation.\" >&2\n    exit 1\nfi\n# This output is used by Xcode 'outputs' to avoid re-running this script phase.\necho \"SUCCESS\" > \"${SCRIPT_OUTPUT_FILE_0}\"\n";
			showEnvVarsInLog = 0;
		};
		DDE3847F201A901C43F2CDDD /* [CP] Check Pods Manifest.lock */ = {
			isa = PBXShellScriptBuildPhase;
			buildActionMask = 2147483647;
			files = (
			);
			inputFileListPaths = (
			);
			inputPaths = (
				"${PODS_PODFILE_DIR_PATH}/Podfile.lock",
				"${PODS_ROOT}/Manifest.lock",
			);
			name = "[CP] Check Pods Manifest.lock";
			outputFileListPaths = (
			);
			outputPaths = (
				"$(DERIVED_FILE_DIR)/Pods-FearlessUtils_Tests-checkManifestLockResult.txt",
			);
			runOnlyForDeploymentPostprocessing = 0;
			shellPath = /bin/sh;
			shellScript = "diff \"${PODS_PODFILE_DIR_PATH}/Podfile.lock\" \"${PODS_ROOT}/Manifest.lock\" > /dev/null\nif [ $? != 0 ] ; then\n    # print error to STDERR\n    echo \"error: The sandbox is not in sync with the Podfile.lock. Run 'pod install' or update your CocoaPods installation.\" >&2\n    exit 1\nfi\n# This output is used by Xcode 'outputs' to avoid re-running this script phase.\necho \"SUCCESS\" > \"${SCRIPT_OUTPUT_FILE_0}\"\n";
			showEnvVarsInLog = 0;
		};
/* End PBXShellScriptBuildPhase section */

/* Begin PBXSourcesBuildPhase section */
		607FACCC1AFB9204008FA782 /* Sources */ = {
			isa = PBXSourcesBuildPhase;
			buildActionMask = 2147483647;
			files = (
				607FACD81AFB9204008FA782 /* ViewController.swift in Sources */,
				607FACD61AFB9204008FA782 /* AppDelegate.swift in Sources */,
			);
			runOnlyForDeploymentPostprocessing = 0;
		};
		607FACE11AFB9204008FA782 /* Sources */ = {
			isa = PBXSourcesBuildPhase;
			buildActionMask = 2147483647;
			files = (
				84DA3B4424C8CE5A00B5E27F /* ScaleInt16Tests.swift in Sources */,
				84DA3B3E24C8CE5900B5E27F /* ScaleInt64Tests.swift in Sources */,
				84DA3B4024C8CE5900B5E27F /* ScaleInt8Tests.swift in Sources */,
				84DA3B4524C8CE5A00B5E27F /* ScaleUInt8Tests.swift in Sources */,
				84DA3B3D24C8CE5900B5E27F /* ScaleCompactIntTests.swift in Sources */,
				849E0A7425C9458F00B33506 /* StructNodeFactoryTests.swift in Sources */,
				849E0A2125C81DB500B33506 /* FixedArrayParserTests.swift in Sources */,
				84DA3B4324C8CE5A00B5E27F /* ScaleStringTests.swift in Sources */,
				84DA3B4224C8CE5A00B5E27F /* ScaleUInt64Tests.swift in Sources */,
				849E0A7A25C94E3F00B33506 /* EnumMappingFactoryTests.swift in Sources */,
				842D1E6A24CF800400C30A7A /* JunctionFactoryTests.swift in Sources */,
				8429C7FD25C432FF0086D7F6 /* TypeRegistryTests.swift in Sources */,
				841D52EA25C6DDF800DFA15B /* JSONHelpers.swift in Sources */,
				849E0A8225C95E2700B33506 /* NumericSetFactoryTests.swift in Sources */,
				84DA3B4124C8CE5A00B5E27F /* ScaleInt32Tests.swift in Sources */,
				8467FD2624E71A37005D486C /* IconGenerationTests.swift in Sources */,
				849E0A7E25C95C7F00B33506 /* EnumValuesFactoryTests.swift in Sources */,
				842D1E2324C98CEA00C30A7A /* StorageKeyFactoryTests.swift in Sources */,
				8467FD2824E72CCD005D486C /* HSLColorTests.swift in Sources */,
				842D1E2724C9B63300C30A7A /* ScaleOptionTests.swift in Sources */,
				84ED725C254A0233006102DF /* SubstrateQRDecoderTests.swift in Sources */,
				84ED7256254A001A006102DF /* SubstrateQREncoderTests.swift in Sources */,
				841D52B425C6BAE600DFA15B /* ComponentsParserTests.swift in Sources */,
				842D1E7324CFF4EC00C30A7A /* KeypairDeriviationTests.swift in Sources */,
				841D531625C6F70500DFA15B /* TypeSetParserTests.swift in Sources */,
				84CB472424DBE82C00837E11 /* KeystoreExtractorTests.swift in Sources */,
				84F4A847254CAD73000CF0A3 /* KeystoreBuilderTests.swift in Sources */,
				842D1E7124CFF31800C30A7A /* KeypairDeriviation.swift in Sources */,
				841D539525C7517300DFA15B /* JSONTests.swift in Sources */,
				841D528A25C4A11900DFA15B /* RegexParserTests.swift in Sources */,
				842D1E2524C9AC5D00C30A7A /* ScaleBoolOptionTests.swift in Sources */,
				841D532425C727FC00DFA15B /* TermParserTests.swift in Sources */,
				841D52E625C6DD1E00DFA15B /* TypeMappingParserTests.swift in Sources */,
				845D80ED24C8D91A00EC2540 /* SeedFactoryTests.swift in Sources */,
				84DA3B3C24C8CE5900B5E27F /* ScaleUInt32Tests.swift in Sources */,
				841D530825C6E75300DFA15B /* TypeValuesParserTests.swift in Sources */,
				84DA3B3F24C8CE5900B5E27F /* ScaleUInt16Tests.swift in Sources */,
			);
			runOnlyForDeploymentPostprocessing = 0;
		};
/* End PBXSourcesBuildPhase section */

/* Begin PBXTargetDependency section */
		607FACE71AFB9204008FA782 /* PBXTargetDependency */ = {
			isa = PBXTargetDependency;
			target = 607FACCF1AFB9204008FA782 /* FearlessUtils_Example */;
			targetProxy = 607FACE61AFB9204008FA782 /* PBXContainerItemProxy */;
		};
/* End PBXTargetDependency section */

/* Begin PBXVariantGroup section */
		607FACDE1AFB9204008FA782 /* LaunchScreen.xib */ = {
			isa = PBXVariantGroup;
			children = (
				607FACDF1AFB9204008FA782 /* Base */,
			);
			name = LaunchScreen.xib;
			sourceTree = "<group>";
		};
/* End PBXVariantGroup section */

/* Begin XCBuildConfiguration section */
		607FACED1AFB9204008FA782 /* Debug */ = {
			isa = XCBuildConfiguration;
			buildSettings = {
				ALWAYS_SEARCH_USER_PATHS = NO;
				CLANG_CXX_LANGUAGE_STANDARD = "gnu++0x";
				CLANG_CXX_LIBRARY = "libc++";
				CLANG_ENABLE_MODULES = YES;
				CLANG_ENABLE_OBJC_ARC = YES;
				CLANG_WARN_BLOCK_CAPTURE_AUTORELEASING = YES;
				CLANG_WARN_BOOL_CONVERSION = YES;
				CLANG_WARN_COMMA = YES;
				CLANG_WARN_CONSTANT_CONVERSION = YES;
				CLANG_WARN_DIRECT_OBJC_ISA_USAGE = YES_ERROR;
				CLANG_WARN_EMPTY_BODY = YES;
				CLANG_WARN_ENUM_CONVERSION = YES;
				CLANG_WARN_INFINITE_RECURSION = YES;
				CLANG_WARN_INT_CONVERSION = YES;
				CLANG_WARN_NON_LITERAL_NULL_CONVERSION = YES;
				CLANG_WARN_OBJC_LITERAL_CONVERSION = YES;
				CLANG_WARN_OBJC_ROOT_CLASS = YES_ERROR;
				CLANG_WARN_RANGE_LOOP_ANALYSIS = YES;
				CLANG_WARN_STRICT_PROTOTYPES = YES;
				CLANG_WARN_SUSPICIOUS_MOVE = YES;
				CLANG_WARN_UNREACHABLE_CODE = YES;
				CLANG_WARN__DUPLICATE_METHOD_MATCH = YES;
				"CODE_SIGN_IDENTITY[sdk=iphoneos*]" = "iPhone Developer";
				COPY_PHASE_STRIP = NO;
				DEBUG_INFORMATION_FORMAT = "dwarf-with-dsym";
				ENABLE_STRICT_OBJC_MSGSEND = YES;
				ENABLE_TESTABILITY = YES;
				GCC_C_LANGUAGE_STANDARD = gnu99;
				GCC_DYNAMIC_NO_PIC = NO;
				GCC_NO_COMMON_BLOCKS = YES;
				GCC_OPTIMIZATION_LEVEL = 0;
				GCC_PREPROCESSOR_DEFINITIONS = (
					"DEBUG=1",
					"$(inherited)",
				);
				GCC_SYMBOLS_PRIVATE_EXTERN = NO;
				GCC_WARN_64_TO_32_BIT_CONVERSION = YES;
				GCC_WARN_ABOUT_RETURN_TYPE = YES_ERROR;
				GCC_WARN_UNDECLARED_SELECTOR = YES;
				GCC_WARN_UNINITIALIZED_AUTOS = YES_AGGRESSIVE;
				GCC_WARN_UNUSED_FUNCTION = YES;
				GCC_WARN_UNUSED_VARIABLE = YES;
				IPHONEOS_DEPLOYMENT_TARGET = 11;
				MTL_ENABLE_DEBUG_INFO = YES;
				ONLY_ACTIVE_ARCH = YES;
				SDKROOT = iphoneos;
				SWIFT_OPTIMIZATION_LEVEL = "-Onone";
			};
			name = Debug;
		};
		607FACEE1AFB9204008FA782 /* Release */ = {
			isa = XCBuildConfiguration;
			buildSettings = {
				ALWAYS_SEARCH_USER_PATHS = NO;
				CLANG_CXX_LANGUAGE_STANDARD = "gnu++0x";
				CLANG_CXX_LIBRARY = "libc++";
				CLANG_ENABLE_MODULES = YES;
				CLANG_ENABLE_OBJC_ARC = YES;
				CLANG_WARN_BLOCK_CAPTURE_AUTORELEASING = YES;
				CLANG_WARN_BOOL_CONVERSION = YES;
				CLANG_WARN_COMMA = YES;
				CLANG_WARN_CONSTANT_CONVERSION = YES;
				CLANG_WARN_DIRECT_OBJC_ISA_USAGE = YES_ERROR;
				CLANG_WARN_EMPTY_BODY = YES;
				CLANG_WARN_ENUM_CONVERSION = YES;
				CLANG_WARN_INFINITE_RECURSION = YES;
				CLANG_WARN_INT_CONVERSION = YES;
				CLANG_WARN_NON_LITERAL_NULL_CONVERSION = YES;
				CLANG_WARN_OBJC_LITERAL_CONVERSION = YES;
				CLANG_WARN_OBJC_ROOT_CLASS = YES_ERROR;
				CLANG_WARN_RANGE_LOOP_ANALYSIS = YES;
				CLANG_WARN_STRICT_PROTOTYPES = YES;
				CLANG_WARN_SUSPICIOUS_MOVE = YES;
				CLANG_WARN_UNREACHABLE_CODE = YES;
				CLANG_WARN__DUPLICATE_METHOD_MATCH = YES;
				"CODE_SIGN_IDENTITY[sdk=iphoneos*]" = "iPhone Developer";
				COPY_PHASE_STRIP = NO;
				DEBUG_INFORMATION_FORMAT = "dwarf-with-dsym";
				ENABLE_NS_ASSERTIONS = NO;
				ENABLE_STRICT_OBJC_MSGSEND = YES;
				GCC_C_LANGUAGE_STANDARD = gnu99;
				GCC_NO_COMMON_BLOCKS = YES;
				GCC_WARN_64_TO_32_BIT_CONVERSION = YES;
				GCC_WARN_ABOUT_RETURN_TYPE = YES_ERROR;
				GCC_WARN_UNDECLARED_SELECTOR = YES;
				GCC_WARN_UNINITIALIZED_AUTOS = YES_AGGRESSIVE;
				GCC_WARN_UNUSED_FUNCTION = YES;
				GCC_WARN_UNUSED_VARIABLE = YES;
				IPHONEOS_DEPLOYMENT_TARGET = 11;
				MTL_ENABLE_DEBUG_INFO = NO;
				SDKROOT = iphoneos;
				SWIFT_OPTIMIZATION_LEVEL = "-Owholemodule";
				VALIDATE_PRODUCT = YES;
			};
			name = Release;
		};
		607FACF01AFB9204008FA782 /* Debug */ = {
			isa = XCBuildConfiguration;
			baseConfigurationReference = 93F24F5EEC204E4B0F918C39 /* Pods-FearlessUtils_Example.debug.xcconfig */;
			buildSettings = {
				ASSETCATALOG_COMPILER_APPICON_NAME = AppIcon;
				DEVELOPMENT_TEAM = YLWWUD25VZ;
				"EXCLUDED_ARCHS[sdk=iphonesimulator*]" = arm64;
				INFOPLIST_FILE = FearlessUtils/Info.plist;
				LD_RUNPATH_SEARCH_PATHS = "$(inherited) @executable_path/Frameworks";
				MODULE_NAME = ExampleApp;
				PRODUCT_BUNDLE_IDENTIFIER = "org.cocoapods.demo.$(PRODUCT_NAME:rfc1034identifier)";
				PRODUCT_NAME = "$(TARGET_NAME)";
				SWIFT_SWIFT3_OBJC_INFERENCE = Default;
				SWIFT_VERSION = 4.0;
			};
			name = Debug;
		};
		607FACF11AFB9204008FA782 /* Release */ = {
			isa = XCBuildConfiguration;
			baseConfigurationReference = C0EC4D272FE196149F4492DE /* Pods-FearlessUtils_Example.release.xcconfig */;
			buildSettings = {
				ASSETCATALOG_COMPILER_APPICON_NAME = AppIcon;
				DEVELOPMENT_TEAM = YLWWUD25VZ;
				"EXCLUDED_ARCHS[sdk=iphonesimulator*]" = arm64;
				INFOPLIST_FILE = FearlessUtils/Info.plist;
				LD_RUNPATH_SEARCH_PATHS = "$(inherited) @executable_path/Frameworks";
				MODULE_NAME = ExampleApp;
				PRODUCT_BUNDLE_IDENTIFIER = "org.cocoapods.demo.$(PRODUCT_NAME:rfc1034identifier)";
				PRODUCT_NAME = "$(TARGET_NAME)";
				SWIFT_SWIFT3_OBJC_INFERENCE = Default;
				SWIFT_VERSION = 4.0;
			};
			name = Release;
		};
		607FACF31AFB9204008FA782 /* Debug */ = {
			isa = XCBuildConfiguration;
			baseConfigurationReference = 7BCE5EB68B0A48835979E64A /* Pods-FearlessUtils_Tests.debug.xcconfig */;
			buildSettings = {
				DEVELOPMENT_TEAM = YLWWUD25VZ;
				"EXCLUDED_ARCHS[sdk=iphonesimulator*]" = arm64;
				FRAMEWORK_SEARCH_PATHS = (
					"$(PLATFORM_DIR)/Developer/Library/Frameworks",
					"$(inherited)",
				);
				GCC_PREPROCESSOR_DEFINITIONS = (
					"DEBUG=1",
					"$(inherited)",
				);
				INFOPLIST_FILE = Tests/Info.plist;
				LD_RUNPATH_SEARCH_PATHS = "$(inherited) @executable_path/Frameworks @loader_path/Frameworks";
				PRODUCT_BUNDLE_IDENTIFIER = "org.cocoapods.$(PRODUCT_NAME:rfc1034identifier)";
				PRODUCT_NAME = "$(TARGET_NAME)";
				SWIFT_SWIFT3_OBJC_INFERENCE = Default;
				SWIFT_VERSION = 4.0;
				TEST_HOST = "$(BUILT_PRODUCTS_DIR)/FearlessUtils_Example.app/FearlessUtils_Example";
			};
			name = Debug;
		};
		607FACF41AFB9204008FA782 /* Release */ = {
			isa = XCBuildConfiguration;
			baseConfigurationReference = B82F3EE26AAEE44C6E7F9962 /* Pods-FearlessUtils_Tests.release.xcconfig */;
			buildSettings = {
				DEVELOPMENT_TEAM = YLWWUD25VZ;
				"EXCLUDED_ARCHS[sdk=iphonesimulator*]" = arm64;
				FRAMEWORK_SEARCH_PATHS = (
					"$(PLATFORM_DIR)/Developer/Library/Frameworks",
					"$(inherited)",
				);
				INFOPLIST_FILE = Tests/Info.plist;
				LD_RUNPATH_SEARCH_PATHS = "$(inherited) @executable_path/Frameworks @loader_path/Frameworks";
				PRODUCT_BUNDLE_IDENTIFIER = "org.cocoapods.$(PRODUCT_NAME:rfc1034identifier)";
				PRODUCT_NAME = "$(TARGET_NAME)";
				SWIFT_SWIFT3_OBJC_INFERENCE = Default;
				SWIFT_VERSION = 4.0;
				TEST_HOST = "$(BUILT_PRODUCTS_DIR)/FearlessUtils_Example.app/FearlessUtils_Example";
			};
			name = Release;
		};
/* End XCBuildConfiguration section */

/* Begin XCConfigurationList section */
		607FACCB1AFB9204008FA782 /* Build configuration list for PBXProject "FearlessUtils" */ = {
			isa = XCConfigurationList;
			buildConfigurations = (
				607FACED1AFB9204008FA782 /* Debug */,
				607FACEE1AFB9204008FA782 /* Release */,
			);
			defaultConfigurationIsVisible = 0;
			defaultConfigurationName = Release;
		};
		607FACEF1AFB9204008FA782 /* Build configuration list for PBXNativeTarget "FearlessUtils_Example" */ = {
			isa = XCConfigurationList;
			buildConfigurations = (
				607FACF01AFB9204008FA782 /* Debug */,
				607FACF11AFB9204008FA782 /* Release */,
			);
			defaultConfigurationIsVisible = 0;
			defaultConfigurationName = Release;
		};
		607FACF21AFB9204008FA782 /* Build configuration list for PBXNativeTarget "FearlessUtils_Tests" */ = {
			isa = XCConfigurationList;
			buildConfigurations = (
				607FACF31AFB9204008FA782 /* Debug */,
				607FACF41AFB9204008FA782 /* Release */,
			);
			defaultConfigurationIsVisible = 0;
			defaultConfigurationName = Release;
		};
/* End XCConfigurationList section */
	};
	rootObject = 607FACC81AFB9204008FA782 /* Project object */;
}
